
Microsoft Visual Studio Solution File, Format Version 12.00
# Visual Studio 2013
VisualStudioVersion = 12.0.30723.0
MinimumVisualStudioVersion = 10.0.40219.1
Project("{2150E333-8FDC-42A3-9474-1A3956D46DE8}") = "Labs", "Labs", "{8B5A7492-E367-4849-90A1-10464207CE1B}"
EndProject
Project("{FAE04EC0-301F-11D3-BF4B-00C04F79EFBC}") = "Xamarin.Forms.Labs", "..\src\Xamarin.Forms.Labs\Xamarin.Forms.Labs\Xamarin.Forms.Labs.csproj", "{4D10DF5E-883D-468B-A854-4A53C7FE75AC}"
EndProject
Project("{FAE04EC0-301F-11D3-BF4B-00C04F79EFBC}") = "Xamarin.Forms.Labs.iOS", "..\src\Xamarin.Forms.Labs\Xamarin.Forms.Labs.iOS\Xamarin.Forms.Labs.iOS.csproj", "{31ACBE7A-3A07-46A5-804D-0C70454B3DC9}"
EndProject
Project("{FAE04EC0-301F-11D3-BF4B-00C04F79EFBC}") = "Xamarin.Forms.Labs.Droid", "..\src\Xamarin.Forms.Labs\Xamarin.Forms.Labs.Droid\Xamarin.Forms.Labs.Droid.csproj", "{67BB1B0A-8F35-4B87-907A-0BCA3103B38B}"
EndProject
Project("{FAE04EC0-301F-11D3-BF4B-00C04F79EFBC}") = "Xamarin.Forms.Labs.WP8", "..\src\Xamarin.Forms.Labs\Xamarin.Forms.Labs.WP\Xamarin.Forms.Labs.WP8.csproj", "{E38D2AA4-D265-4FF2-90EC-E02EB59F8A73}"
EndProject
Project("{2150E333-8FDC-42A3-9474-1A3956D46DE8}") = "Plugins", "Plugins", "{670192E2-DADB-4B3E-ACFC-99F2A6BC9F38}"
EndProject
Project("{2150E333-8FDC-42A3-9474-1A3956D46DE8}") = "Serialization", "Serialization", "{3915DB03-4FA0-4F42-B916-6CFB00E01944}"
EndProject
Project("{2150E333-8FDC-42A3-9474-1A3956D46DE8}") = "Ioc", "Ioc", "{91CF5B30-75DA-42B8-9364-D04BD67C3D10}"
EndProject
Project("{FAE04EC0-301F-11D3-BF4B-00C04F79EFBC}") = "Labs.Tests.iOS", "Labs.Tests.iOS\Labs.Tests.iOS.csproj", "{2873F9D8-66EF-4CD6-9314-6728638B5ECB}"
EndProject
Project("{FAE04EC0-301F-11D3-BF4B-00C04F79EFBC}") = "Labs.Tests.Droid", "Labs.Tests.Droid\Labs.Tests.Droid.csproj", "{BF012352-95C8-424A-9A57-DB5699794AF7}"
EndProject
Project("{FAE04EC0-301F-11D3-BF4B-00C04F79EFBC}") = "Labs.Tests.WP8", "Labs.Tests.WP8\Labs.Tests.WP8.csproj", "{1652DF32-49A4-43B2-8C82-534BFD96135E}"
EndProject
Project("{2150E333-8FDC-42A3-9474-1A3956D46DE8}") = "SharedTests", "SharedTests", "{D5EAE686-19D4-4D40-8870-2634BD544958}"
EndProject
Project("{D954291E-2A0B-460D-934E-DC6B0785DB48}") = "SerializationTests", "SerializationTests\SerializationTests.shproj", "{EF5931DC-BFC8-4EC3-956E-433B7E9B9AE2}"
EndProject
Project("{D954291E-2A0B-460D-934E-DC6B0785DB48}") = "DeviceTests", "DeviceTests\DeviceTests.shproj", "{08C1D9E7-4892-476B-A000-88A35D3517E4}"
EndProject
Project("{D954291E-2A0B-460D-934E-DC6B0785DB48}") = "IocTests", "IocTests\IocTests.shproj", "{3400F11A-E58B-40F5-86A7-D20901B7495B}"
EndProject
Project("{D954291E-2A0B-460D-934E-DC6B0785DB48}") = "SharedCachingTests", "CachingTests\SharedCachingTests\SharedCachingTests.shproj", "{2E8BF4B8-5C6F-4BE0-BE67-73D131604D90}"
EndProject
Project("{FAE04EC0-301F-11D3-BF4B-00C04F79EFBC}") = "XLabs.Ioc", "..\src\XLabs\IOC\XLabs.Ioc\XLabs.Ioc.csproj", "{2E200799-1170-49BF-A4AA-2A9228F8A213}"
EndProject
Project("{FAE04EC0-301F-11D3-BF4B-00C04F79EFBC}") = "XLabs.Ioc.Autofac", "..\src\XLabs\IOC\XLabs.Ioc.Autofac\XLabs.Ioc.Autofac.csproj", "{F8C821A9-155E-48BC-8998-1ED9DE5CEF1A}"
EndProject
Project("{FAE04EC0-301F-11D3-BF4B-00C04F79EFBC}") = "XLabs.Ioc.Ninject", "..\src\XLabs\IOC\XLabs.Ioc.Ninject\XLabs.Ioc.Ninject.csproj", "{EC5686A6-9846-4B09-8288-CB7396331B54}"
EndProject
Project("{FAE04EC0-301F-11D3-BF4B-00C04F79EFBC}") = "XLabs.Ioc.SimpleInjector", "..\src\XLabs\IOC\XLabs.Ioc.SimpleInjector\XLabs.Ioc.SimpleInjector.csproj", "{526F68E5-B35B-45FB-A54F-25793D2A1678}"
EndProject
Project("{FAE04EC0-301F-11D3-BF4B-00C04F79EFBC}") = "XLabs.Ioc.TinyIOC.Droid", "..\src\XLabs\IOC\XLabs.Ioc.TinyIOC\XLabs.Ioc.TinyIOC.Droid.csproj", "{9DA37747-6E12-40C8-8DE6-0775AF6421EC}"
EndProject
Project("{FAE04EC0-301F-11D3-BF4B-00C04F79EFBC}") = "XLabs.Ioc.TinyIOC.iOS", "..\src\XLabs\IOC\XLabs.Ioc.TinyIOC\XLabs.Ioc.TinyIOC.iOS.csproj", "{EB39302A-1E5A-424A-86C3-A418213BCD5A}"
EndProject
Project("{FAE04EC0-301F-11D3-BF4B-00C04F79EFBC}") = "XLabs.Ioc.TinyIOC.WP8", "..\src\XLabs\IOC\XLabs.Ioc.TinyIOC\XLabs.Ioc.TinyIOC.WP8.csproj", "{1C4A2234-76C8-45CA-8AE4-F7F8BF2DFCDC}"
EndProject
Project("{FAE04EC0-301F-11D3-BF4B-00C04F79EFBC}") = "XLabs.Ioc.Unity", "..\src\XLabs\IOC\XLabs.Ioc.Unity\XLabs.Ioc.Unity.csproj", "{4D2D1468-BBB3-434A-84AC-B85EB7147A40}"
EndProject
Project("{FAE04EC0-301F-11D3-BF4B-00C04F79EFBC}") = "XLabs.Serialization.JsonNET", "..\src\XLabs\Serialization\JsonNET\XLabs.Serialization.JsonNET.csproj", "{FCE4E482-0DF8-43AC-B574-8AAF74770D1C}"
EndProject
Project("{FAE04EC0-301F-11D3-BF4B-00C04F79EFBC}") = "XLabs.Serialization.ProtoBuf", "..\src\XLabs\Serialization\ProtoBuf.Net\XLabs.Serialization.ProtoBuf.csproj", "{3BC0D126-89BF-4CC0-8395-8FBBA85B2A54}"
EndProject
Project("{FAE04EC0-301F-11D3-BF4B-00C04F79EFBC}") = "XLabs.Serialization.ServiceStack.Android", "..\src\XLabs\Serialization\ServiceStack\XLabs.Serialization.ServiceStack.Android.csproj", "{BBCA9F84-607A-4FF0-929F-0BB8B7C62AD4}"
EndProject
Project("{FAE04EC0-301F-11D3-BF4B-00C04F79EFBC}") = "XLabs.Serialization.ServiceStack.iOS", "..\src\XLabs\Serialization\ServiceStack\XLabs.Serialization.ServiceStack.iOS.csproj", "{1F13E224-725F-41C4-9D3F-AD9850A90912}"
EndProject
Project("{FAE04EC0-301F-11D3-BF4B-00C04F79EFBC}") = "XLabs.Serialization.ServiceStack.WP8", "..\src\XLabs\Serialization\ServiceStack\XLabs.Serialization.ServiceStack.WP8.csproj", "{17C6FF22-9420-42CF-B85B-2BC2737FDC13}"
EndProject
Project("{FAE04EC0-301F-11D3-BF4B-00C04F79EFBC}") = "XLabs.Serialization", "..\src\XLabs\Serialization\XLabs.Serialization\XLabs.Serialization.csproj", "{8E7F7522-F018-466A-AA8A-147EE9341BA0}"
EndProject
Global
	GlobalSection(SharedMSBuildProjectFiles) = preSolution
		DeviceTests\DeviceTests.projitems*{08c1d9e7-4892-476b-a000-88a35d3517e4}*SharedItemsImports = 13
		SerializationTests\SerializationTests.projitems*{bf012352-95c8-424a-9a57-db5699794af7}*SharedItemsImports = 4
		DeviceTests\DeviceTests.projitems*{bf012352-95c8-424a-9a57-db5699794af7}*SharedItemsImports = 4
		IocTests\IocTests.projitems*{bf012352-95c8-424a-9a57-db5699794af7}*SharedItemsImports = 4
		CachingTests\SharedCachingTests\SharedCachingTests.projitems*{2e8bf4b8-5c6f-4be0-be67-73d131604d90}*SharedItemsImports = 13
		IocTests\IocTests.projitems*{3400f11a-e58b-40f5-86a7-d20901b7495b}*SharedItemsImports = 13
		SerializationTests\SerializationTests.projitems*{1652df32-49a4-43b2-8c82-534bfd96135e}*SharedItemsImports = 4
		DeviceTests\DeviceTests.projitems*{1652df32-49a4-43b2-8c82-534bfd96135e}*SharedItemsImports = 4
		IocTests\IocTests.projitems*{1652df32-49a4-43b2-8c82-534bfd96135e}*SharedItemsImports = 4
		SerializationTests\SerializationTests.projitems*{ef5931dc-bfc8-4ec3-956e-433b7e9b9ae2}*SharedItemsImports = 13
		SerializationTests\SerializationTests.projitems*{2873f9d8-66ef-4cd6-9314-6728638b5ecb}*SharedItemsImports = 4
		DeviceTests\DeviceTests.projitems*{2873f9d8-66ef-4cd6-9314-6728638b5ecb}*SharedItemsImports = 4
		IocTests\IocTests.projitems*{2873f9d8-66ef-4cd6-9314-6728638b5ecb}*SharedItemsImports = 4
	EndGlobalSection
	GlobalSection(SolutionConfigurationPlatforms) = preSolution
		Ad-Hoc|Any CPU = Ad-Hoc|Any CPU
		Ad-Hoc|ARM = Ad-Hoc|ARM
		Ad-Hoc|iPhone = Ad-Hoc|iPhone
		Ad-Hoc|iPhoneSimulator = Ad-Hoc|iPhoneSimulator
		Ad-Hoc|Mixed Platforms = Ad-Hoc|Mixed Platforms
		Ad-Hoc|x86 = Ad-Hoc|x86
		AppStore|Any CPU = AppStore|Any CPU
		AppStore|ARM = AppStore|ARM
		AppStore|iPhone = AppStore|iPhone
		AppStore|iPhoneSimulator = AppStore|iPhoneSimulator
		AppStore|Mixed Platforms = AppStore|Mixed Platforms
		AppStore|x86 = AppStore|x86
		Debug|Any CPU = Debug|Any CPU
		Debug|ARM = Debug|ARM
		Debug|iPhone = Debug|iPhone
		Debug|iPhoneSimulator = Debug|iPhoneSimulator
		Debug|Mixed Platforms = Debug|Mixed Platforms
		Debug|x86 = Debug|x86
		Release|Any CPU = Release|Any CPU
		Release|ARM = Release|ARM
		Release|iPhone = Release|iPhone
		Release|iPhoneSimulator = Release|iPhoneSimulator
		Release|Mixed Platforms = Release|Mixed Platforms
		Release|x86 = Release|x86
	EndGlobalSection
	GlobalSection(ProjectConfigurationPlatforms) = postSolution
		{4D10DF5E-883D-468B-A854-4A53C7FE75AC}.Ad-Hoc|Any CPU.ActiveCfg = Release|Any CPU
		{4D10DF5E-883D-468B-A854-4A53C7FE75AC}.Ad-Hoc|ARM.ActiveCfg = Release|Any CPU
		{4D10DF5E-883D-468B-A854-4A53C7FE75AC}.Ad-Hoc|iPhone.ActiveCfg = Debug|Any CPU
		{4D10DF5E-883D-468B-A854-4A53C7FE75AC}.Ad-Hoc|iPhone.Build.0 = Debug|Any CPU
		{4D10DF5E-883D-468B-A854-4A53C7FE75AC}.Ad-Hoc|iPhoneSimulator.ActiveCfg = Release|Any CPU
		{4D10DF5E-883D-468B-A854-4A53C7FE75AC}.Ad-Hoc|Mixed Platforms.ActiveCfg = Release|Any CPU
		{4D10DF5E-883D-468B-A854-4A53C7FE75AC}.Ad-Hoc|Mixed Platforms.Build.0 = Release|Any CPU
		{4D10DF5E-883D-468B-A854-4A53C7FE75AC}.Ad-Hoc|x86.ActiveCfg = Release|Any CPU
		{4D10DF5E-883D-468B-A854-4A53C7FE75AC}.AppStore|Any CPU.ActiveCfg = Release|Any CPU
		{4D10DF5E-883D-468B-A854-4A53C7FE75AC}.AppStore|ARM.ActiveCfg = Release|Any CPU
		{4D10DF5E-883D-468B-A854-4A53C7FE75AC}.AppStore|iPhone.ActiveCfg = Debug|Any CPU
		{4D10DF5E-883D-468B-A854-4A53C7FE75AC}.AppStore|iPhone.Build.0 = Debug|Any CPU
		{4D10DF5E-883D-468B-A854-4A53C7FE75AC}.AppStore|iPhoneSimulator.ActiveCfg = Release|Any CPU
		{4D10DF5E-883D-468B-A854-4A53C7FE75AC}.AppStore|Mixed Platforms.ActiveCfg = Release|Any CPU
		{4D10DF5E-883D-468B-A854-4A53C7FE75AC}.AppStore|Mixed Platforms.Build.0 = Release|Any CPU
		{4D10DF5E-883D-468B-A854-4A53C7FE75AC}.AppStore|x86.ActiveCfg = Release|Any CPU
		{4D10DF5E-883D-468B-A854-4A53C7FE75AC}.Debug|Any CPU.ActiveCfg = Debug|Any CPU
		{4D10DF5E-883D-468B-A854-4A53C7FE75AC}.Debug|Any CPU.Build.0 = Debug|Any CPU
		{4D10DF5E-883D-468B-A854-4A53C7FE75AC}.Debug|ARM.ActiveCfg = Debug|Any CPU
		{4D10DF5E-883D-468B-A854-4A53C7FE75AC}.Debug|ARM.Build.0 = Debug|Any CPU
		{4D10DF5E-883D-468B-A854-4A53C7FE75AC}.Debug|iPhone.ActiveCfg = Debug|Any CPU
		{4D10DF5E-883D-468B-A854-4A53C7FE75AC}.Debug|iPhone.Build.0 = Debug|Any CPU
		{4D10DF5E-883D-468B-A854-4A53C7FE75AC}.Debug|iPhoneSimulator.ActiveCfg = Debug|Any CPU
		{4D10DF5E-883D-468B-A854-4A53C7FE75AC}.Debug|iPhoneSimulator.Build.0 = Debug|Any CPU
		{4D10DF5E-883D-468B-A854-4A53C7FE75AC}.Debug|Mixed Platforms.ActiveCfg = Debug|Any CPU
		{4D10DF5E-883D-468B-A854-4A53C7FE75AC}.Debug|Mixed Platforms.Build.0 = Debug|Any CPU
		{4D10DF5E-883D-468B-A854-4A53C7FE75AC}.Debug|x86.ActiveCfg = Debug|Any CPU
		{4D10DF5E-883D-468B-A854-4A53C7FE75AC}.Release|Any CPU.ActiveCfg = Release|Any CPU
		{4D10DF5E-883D-468B-A854-4A53C7FE75AC}.Release|Any CPU.Build.0 = Release|Any CPU
		{4D10DF5E-883D-468B-A854-4A53C7FE75AC}.Release|ARM.ActiveCfg = Release|Any CPU
		{4D10DF5E-883D-468B-A854-4A53C7FE75AC}.Release|iPhone.ActiveCfg = Release|Any CPU
		{4D10DF5E-883D-468B-A854-4A53C7FE75AC}.Release|iPhone.Build.0 = Release|Any CPU
		{4D10DF5E-883D-468B-A854-4A53C7FE75AC}.Release|iPhoneSimulator.ActiveCfg = Release|Any CPU
		{4D10DF5E-883D-468B-A854-4A53C7FE75AC}.Release|iPhoneSimulator.Build.0 = Release|Any CPU
		{4D10DF5E-883D-468B-A854-4A53C7FE75AC}.Release|Mixed Platforms.ActiveCfg = Release|Any CPU
		{4D10DF5E-883D-468B-A854-4A53C7FE75AC}.Release|Mixed Platforms.Build.0 = Release|Any CPU
		{4D10DF5E-883D-468B-A854-4A53C7FE75AC}.Release|x86.ActiveCfg = Release|Any CPU
		{31ACBE7A-3A07-46A5-804D-0C70454B3DC9}.Ad-Hoc|Any CPU.ActiveCfg = Release|Any CPU
		{31ACBE7A-3A07-46A5-804D-0C70454B3DC9}.Ad-Hoc|ARM.ActiveCfg = Release|Any CPU
		{31ACBE7A-3A07-46A5-804D-0C70454B3DC9}.Ad-Hoc|iPhone.ActiveCfg = Debug|Any CPU
		{31ACBE7A-3A07-46A5-804D-0C70454B3DC9}.Ad-Hoc|iPhone.Build.0 = Debug|Any CPU
		{31ACBE7A-3A07-46A5-804D-0C70454B3DC9}.Ad-Hoc|iPhoneSimulator.ActiveCfg = Release|Any CPU
		{31ACBE7A-3A07-46A5-804D-0C70454B3DC9}.Ad-Hoc|Mixed Platforms.ActiveCfg = Release|Any CPU
		{31ACBE7A-3A07-46A5-804D-0C70454B3DC9}.Ad-Hoc|Mixed Platforms.Build.0 = Release|Any CPU
		{31ACBE7A-3A07-46A5-804D-0C70454B3DC9}.Ad-Hoc|x86.ActiveCfg = Release|Any CPU
		{31ACBE7A-3A07-46A5-804D-0C70454B3DC9}.AppStore|Any CPU.ActiveCfg = Release|Any CPU
		{31ACBE7A-3A07-46A5-804D-0C70454B3DC9}.AppStore|ARM.ActiveCfg = Release|Any CPU
		{31ACBE7A-3A07-46A5-804D-0C70454B3DC9}.AppStore|iPhone.ActiveCfg = Debug|Any CPU
		{31ACBE7A-3A07-46A5-804D-0C70454B3DC9}.AppStore|iPhone.Build.0 = Debug|Any CPU
		{31ACBE7A-3A07-46A5-804D-0C70454B3DC9}.AppStore|iPhoneSimulator.ActiveCfg = Release|Any CPU
		{31ACBE7A-3A07-46A5-804D-0C70454B3DC9}.AppStore|Mixed Platforms.ActiveCfg = Release|Any CPU
		{31ACBE7A-3A07-46A5-804D-0C70454B3DC9}.AppStore|Mixed Platforms.Build.0 = Release|Any CPU
		{31ACBE7A-3A07-46A5-804D-0C70454B3DC9}.AppStore|x86.ActiveCfg = Release|Any CPU
		{31ACBE7A-3A07-46A5-804D-0C70454B3DC9}.Debug|Any CPU.ActiveCfg = Debug|Any CPU
		{31ACBE7A-3A07-46A5-804D-0C70454B3DC9}.Debug|Any CPU.Build.0 = Debug|Any CPU
		{31ACBE7A-3A07-46A5-804D-0C70454B3DC9}.Debug|ARM.ActiveCfg = Debug|Any CPU
		{31ACBE7A-3A07-46A5-804D-0C70454B3DC9}.Debug|iPhone.ActiveCfg = Debug|Any CPU
		{31ACBE7A-3A07-46A5-804D-0C70454B3DC9}.Debug|iPhone.Build.0 = Debug|Any CPU
		{31ACBE7A-3A07-46A5-804D-0C70454B3DC9}.Debug|iPhoneSimulator.ActiveCfg = Debug|Any CPU
		{31ACBE7A-3A07-46A5-804D-0C70454B3DC9}.Debug|iPhoneSimulator.Build.0 = Debug|Any CPU
		{31ACBE7A-3A07-46A5-804D-0C70454B3DC9}.Debug|Mixed Platforms.ActiveCfg = Debug|Any CPU
		{31ACBE7A-3A07-46A5-804D-0C70454B3DC9}.Debug|Mixed Platforms.Build.0 = Debug|Any CPU
		{31ACBE7A-3A07-46A5-804D-0C70454B3DC9}.Debug|x86.ActiveCfg = Debug|Any CPU
		{31ACBE7A-3A07-46A5-804D-0C70454B3DC9}.Release|Any CPU.ActiveCfg = Release|Any CPU
		{31ACBE7A-3A07-46A5-804D-0C70454B3DC9}.Release|Any CPU.Build.0 = Release|Any CPU
		{31ACBE7A-3A07-46A5-804D-0C70454B3DC9}.Release|ARM.ActiveCfg = Release|Any CPU
		{31ACBE7A-3A07-46A5-804D-0C70454B3DC9}.Release|iPhone.ActiveCfg = Release|Any CPU
		{31ACBE7A-3A07-46A5-804D-0C70454B3DC9}.Release|iPhone.Build.0 = Release|Any CPU
		{31ACBE7A-3A07-46A5-804D-0C70454B3DC9}.Release|iPhoneSimulator.ActiveCfg = Release|Any CPU
		{31ACBE7A-3A07-46A5-804D-0C70454B3DC9}.Release|iPhoneSimulator.Build.0 = Release|Any CPU
		{31ACBE7A-3A07-46A5-804D-0C70454B3DC9}.Release|Mixed Platforms.ActiveCfg = Release|Any CPU
		{31ACBE7A-3A07-46A5-804D-0C70454B3DC9}.Release|Mixed Platforms.Build.0 = Release|Any CPU
		{31ACBE7A-3A07-46A5-804D-0C70454B3DC9}.Release|x86.ActiveCfg = Release|Any CPU
		{67BB1B0A-8F35-4B87-907A-0BCA3103B38B}.Ad-Hoc|Any CPU.ActiveCfg = Release|Any CPU
		{67BB1B0A-8F35-4B87-907A-0BCA3103B38B}.Ad-Hoc|ARM.ActiveCfg = Release|Any CPU
		{67BB1B0A-8F35-4B87-907A-0BCA3103B38B}.Ad-Hoc|iPhone.ActiveCfg = Debug|Any CPU
		{67BB1B0A-8F35-4B87-907A-0BCA3103B38B}.Ad-Hoc|iPhone.Build.0 = Debug|Any CPU
		{67BB1B0A-8F35-4B87-907A-0BCA3103B38B}.Ad-Hoc|iPhoneSimulator.ActiveCfg = Release|Any CPU
		{67BB1B0A-8F35-4B87-907A-0BCA3103B38B}.Ad-Hoc|Mixed Platforms.ActiveCfg = Release|Any CPU
		{67BB1B0A-8F35-4B87-907A-0BCA3103B38B}.Ad-Hoc|Mixed Platforms.Build.0 = Release|Any CPU
		{67BB1B0A-8F35-4B87-907A-0BCA3103B38B}.Ad-Hoc|x86.ActiveCfg = Release|Any CPU
		{67BB1B0A-8F35-4B87-907A-0BCA3103B38B}.AppStore|Any CPU.ActiveCfg = Release|Any CPU
		{67BB1B0A-8F35-4B87-907A-0BCA3103B38B}.AppStore|ARM.ActiveCfg = Release|Any CPU
		{67BB1B0A-8F35-4B87-907A-0BCA3103B38B}.AppStore|iPhone.ActiveCfg = Debug|Any CPU
		{67BB1B0A-8F35-4B87-907A-0BCA3103B38B}.AppStore|iPhone.Build.0 = Debug|Any CPU
		{67BB1B0A-8F35-4B87-907A-0BCA3103B38B}.AppStore|iPhoneSimulator.ActiveCfg = Release|Any CPU
		{67BB1B0A-8F35-4B87-907A-0BCA3103B38B}.AppStore|Mixed Platforms.ActiveCfg = Release|Any CPU
		{67BB1B0A-8F35-4B87-907A-0BCA3103B38B}.AppStore|Mixed Platforms.Build.0 = Release|Any CPU
		{67BB1B0A-8F35-4B87-907A-0BCA3103B38B}.AppStore|x86.ActiveCfg = Release|Any CPU
		{67BB1B0A-8F35-4B87-907A-0BCA3103B38B}.Debug|Any CPU.ActiveCfg = Debug|Any CPU
		{67BB1B0A-8F35-4B87-907A-0BCA3103B38B}.Debug|Any CPU.Build.0 = Debug|Any CPU
		{67BB1B0A-8F35-4B87-907A-0BCA3103B38B}.Debug|ARM.ActiveCfg = Debug|Any CPU
		{67BB1B0A-8F35-4B87-907A-0BCA3103B38B}.Debug|iPhone.ActiveCfg = Debug|Any CPU
		{67BB1B0A-8F35-4B87-907A-0BCA3103B38B}.Debug|iPhoneSimulator.ActiveCfg = Debug|Any CPU
		{67BB1B0A-8F35-4B87-907A-0BCA3103B38B}.Debug|iPhoneSimulator.Build.0 = Debug|Any CPU
		{67BB1B0A-8F35-4B87-907A-0BCA3103B38B}.Debug|Mixed Platforms.ActiveCfg = Debug|Any CPU
		{67BB1B0A-8F35-4B87-907A-0BCA3103B38B}.Debug|Mixed Platforms.Build.0 = Debug|Any CPU
		{67BB1B0A-8F35-4B87-907A-0BCA3103B38B}.Debug|x86.ActiveCfg = Debug|Any CPU
		{67BB1B0A-8F35-4B87-907A-0BCA3103B38B}.Release|Any CPU.ActiveCfg = Release|Any CPU
		{67BB1B0A-8F35-4B87-907A-0BCA3103B38B}.Release|Any CPU.Build.0 = Release|Any CPU
		{67BB1B0A-8F35-4B87-907A-0BCA3103B38B}.Release|ARM.ActiveCfg = Release|Any CPU
		{67BB1B0A-8F35-4B87-907A-0BCA3103B38B}.Release|iPhone.ActiveCfg = Release|Any CPU
		{67BB1B0A-8F35-4B87-907A-0BCA3103B38B}.Release|iPhone.Build.0 = Release|Any CPU
		{67BB1B0A-8F35-4B87-907A-0BCA3103B38B}.Release|iPhoneSimulator.ActiveCfg = Release|Any CPU
		{67BB1B0A-8F35-4B87-907A-0BCA3103B38B}.Release|iPhoneSimulator.Build.0 = Release|Any CPU
		{67BB1B0A-8F35-4B87-907A-0BCA3103B38B}.Release|Mixed Platforms.ActiveCfg = Release|Any CPU
		{67BB1B0A-8F35-4B87-907A-0BCA3103B38B}.Release|Mixed Platforms.Build.0 = Release|Any CPU
		{67BB1B0A-8F35-4B87-907A-0BCA3103B38B}.Release|x86.ActiveCfg = Release|Any CPU
		{E38D2AA4-D265-4FF2-90EC-E02EB59F8A73}.Ad-Hoc|Any CPU.ActiveCfg = Release|Any CPU
		{E38D2AA4-D265-4FF2-90EC-E02EB59F8A73}.Ad-Hoc|Any CPU.Build.0 = Release|Any CPU
		{E38D2AA4-D265-4FF2-90EC-E02EB59F8A73}.Ad-Hoc|ARM.ActiveCfg = Release|ARM
		{E38D2AA4-D265-4FF2-90EC-E02EB59F8A73}.Ad-Hoc|ARM.Build.0 = Release|ARM
		{E38D2AA4-D265-4FF2-90EC-E02EB59F8A73}.Ad-Hoc|iPhone.ActiveCfg = Release|Any CPU
		{E38D2AA4-D265-4FF2-90EC-E02EB59F8A73}.Ad-Hoc|iPhoneSimulator.ActiveCfg = Release|Any CPU
		{E38D2AA4-D265-4FF2-90EC-E02EB59F8A73}.Ad-Hoc|Mixed Platforms.ActiveCfg = Release|x86
		{E38D2AA4-D265-4FF2-90EC-E02EB59F8A73}.Ad-Hoc|Mixed Platforms.Build.0 = Release|x86
		{E38D2AA4-D265-4FF2-90EC-E02EB59F8A73}.Ad-Hoc|x86.ActiveCfg = Release|x86
		{E38D2AA4-D265-4FF2-90EC-E02EB59F8A73}.Ad-Hoc|x86.Build.0 = Release|x86
		{E38D2AA4-D265-4FF2-90EC-E02EB59F8A73}.AppStore|Any CPU.ActiveCfg = Release|Any CPU
		{E38D2AA4-D265-4FF2-90EC-E02EB59F8A73}.AppStore|Any CPU.Build.0 = Release|Any CPU
		{E38D2AA4-D265-4FF2-90EC-E02EB59F8A73}.AppStore|ARM.ActiveCfg = Release|ARM
		{E38D2AA4-D265-4FF2-90EC-E02EB59F8A73}.AppStore|ARM.Build.0 = Release|ARM
		{E38D2AA4-D265-4FF2-90EC-E02EB59F8A73}.AppStore|iPhone.ActiveCfg = Release|Any CPU
		{E38D2AA4-D265-4FF2-90EC-E02EB59F8A73}.AppStore|iPhoneSimulator.ActiveCfg = Release|Any CPU
		{E38D2AA4-D265-4FF2-90EC-E02EB59F8A73}.AppStore|Mixed Platforms.ActiveCfg = Release|x86
		{E38D2AA4-D265-4FF2-90EC-E02EB59F8A73}.AppStore|Mixed Platforms.Build.0 = Release|x86
		{E38D2AA4-D265-4FF2-90EC-E02EB59F8A73}.AppStore|x86.ActiveCfg = Release|x86
		{E38D2AA4-D265-4FF2-90EC-E02EB59F8A73}.AppStore|x86.Build.0 = Release|x86
		{E38D2AA4-D265-4FF2-90EC-E02EB59F8A73}.Debug|Any CPU.ActiveCfg = Debug|Any CPU
		{E38D2AA4-D265-4FF2-90EC-E02EB59F8A73}.Debug|Any CPU.Build.0 = Debug|Any CPU
		{E38D2AA4-D265-4FF2-90EC-E02EB59F8A73}.Debug|ARM.ActiveCfg = Debug|ARM
		{E38D2AA4-D265-4FF2-90EC-E02EB59F8A73}.Debug|ARM.Build.0 = Debug|ARM
		{E38D2AA4-D265-4FF2-90EC-E02EB59F8A73}.Debug|iPhone.ActiveCfg = Debug|Any CPU
		{E38D2AA4-D265-4FF2-90EC-E02EB59F8A73}.Debug|iPhoneSimulator.ActiveCfg = Debug|Any CPU
		{E38D2AA4-D265-4FF2-90EC-E02EB59F8A73}.Debug|Mixed Platforms.ActiveCfg = Debug|x86
		{E38D2AA4-D265-4FF2-90EC-E02EB59F8A73}.Debug|Mixed Platforms.Build.0 = Debug|x86
		{E38D2AA4-D265-4FF2-90EC-E02EB59F8A73}.Debug|x86.ActiveCfg = Debug|x86
		{E38D2AA4-D265-4FF2-90EC-E02EB59F8A73}.Debug|x86.Build.0 = Debug|x86
		{E38D2AA4-D265-4FF2-90EC-E02EB59F8A73}.Release|Any CPU.ActiveCfg = Release|Any CPU
		{E38D2AA4-D265-4FF2-90EC-E02EB59F8A73}.Release|Any CPU.Build.0 = Release|Any CPU
		{E38D2AA4-D265-4FF2-90EC-E02EB59F8A73}.Release|ARM.ActiveCfg = Release|ARM
		{E38D2AA4-D265-4FF2-90EC-E02EB59F8A73}.Release|ARM.Build.0 = Release|ARM
		{E38D2AA4-D265-4FF2-90EC-E02EB59F8A73}.Release|iPhone.ActiveCfg = Release|Any CPU
		{E38D2AA4-D265-4FF2-90EC-E02EB59F8A73}.Release|iPhoneSimulator.ActiveCfg = Release|Any CPU
		{E38D2AA4-D265-4FF2-90EC-E02EB59F8A73}.Release|Mixed Platforms.ActiveCfg = Release|x86
		{E38D2AA4-D265-4FF2-90EC-E02EB59F8A73}.Release|Mixed Platforms.Build.0 = Release|x86
		{E38D2AA4-D265-4FF2-90EC-E02EB59F8A73}.Release|x86.ActiveCfg = Release|x86
		{E38D2AA4-D265-4FF2-90EC-E02EB59F8A73}.Release|x86.Build.0 = Release|x86
		{2873F9D8-66EF-4CD6-9314-6728638B5ECB}.Ad-Hoc|Any CPU.ActiveCfg = Ad-Hoc|iPhone
		{2873F9D8-66EF-4CD6-9314-6728638B5ECB}.Ad-Hoc|ARM.ActiveCfg = Ad-Hoc|iPhoneSimulator
		{2873F9D8-66EF-4CD6-9314-6728638B5ECB}.Ad-Hoc|iPhone.ActiveCfg = Ad-Hoc|iPhone
		{2873F9D8-66EF-4CD6-9314-6728638B5ECB}.Ad-Hoc|iPhone.Build.0 = Ad-Hoc|iPhone
		{2873F9D8-66EF-4CD6-9314-6728638B5ECB}.Ad-Hoc|iPhoneSimulator.ActiveCfg = Ad-Hoc|iPhone
		{2873F9D8-66EF-4CD6-9314-6728638B5ECB}.Ad-Hoc|Mixed Platforms.ActiveCfg = Ad-Hoc|iPhoneSimulator
		{2873F9D8-66EF-4CD6-9314-6728638B5ECB}.Ad-Hoc|Mixed Platforms.Build.0 = Ad-Hoc|iPhoneSimulator
		{2873F9D8-66EF-4CD6-9314-6728638B5ECB}.Ad-Hoc|Mixed Platforms.Deploy.0 = Ad-Hoc|iPhoneSimulator
		{2873F9D8-66EF-4CD6-9314-6728638B5ECB}.Ad-Hoc|x86.ActiveCfg = Ad-Hoc|iPhoneSimulator
		{2873F9D8-66EF-4CD6-9314-6728638B5ECB}.AppStore|Any CPU.ActiveCfg = AppStore|iPhone
		{2873F9D8-66EF-4CD6-9314-6728638B5ECB}.AppStore|ARM.ActiveCfg = AppStore|iPhoneSimulator
		{2873F9D8-66EF-4CD6-9314-6728638B5ECB}.AppStore|iPhone.ActiveCfg = AppStore|iPhone
		{2873F9D8-66EF-4CD6-9314-6728638B5ECB}.AppStore|iPhone.Build.0 = AppStore|iPhone
		{2873F9D8-66EF-4CD6-9314-6728638B5ECB}.AppStore|iPhoneSimulator.ActiveCfg = AppStore|iPhone
		{2873F9D8-66EF-4CD6-9314-6728638B5ECB}.AppStore|Mixed Platforms.ActiveCfg = AppStore|iPhoneSimulator
		{2873F9D8-66EF-4CD6-9314-6728638B5ECB}.AppStore|Mixed Platforms.Build.0 = AppStore|iPhoneSimulator
		{2873F9D8-66EF-4CD6-9314-6728638B5ECB}.AppStore|Mixed Platforms.Deploy.0 = AppStore|iPhoneSimulator
		{2873F9D8-66EF-4CD6-9314-6728638B5ECB}.AppStore|x86.ActiveCfg = AppStore|iPhoneSimulator
		{2873F9D8-66EF-4CD6-9314-6728638B5ECB}.Debug|Any CPU.ActiveCfg = Debug|iPhoneSimulator
		{2873F9D8-66EF-4CD6-9314-6728638B5ECB}.Debug|Any CPU.Build.0 = Debug|iPhoneSimulator
		{2873F9D8-66EF-4CD6-9314-6728638B5ECB}.Debug|ARM.ActiveCfg = Debug|iPhone
		{2873F9D8-66EF-4CD6-9314-6728638B5ECB}.Debug|iPhone.ActiveCfg = Debug|iPhone
		{2873F9D8-66EF-4CD6-9314-6728638B5ECB}.Debug|iPhone.Build.0 = Debug|iPhone
		{2873F9D8-66EF-4CD6-9314-6728638B5ECB}.Debug|iPhone.Deploy.0 = Debug|iPhone
		{2873F9D8-66EF-4CD6-9314-6728638B5ECB}.Debug|iPhoneSimulator.ActiveCfg = Debug|iPhoneSimulator
		{2873F9D8-66EF-4CD6-9314-6728638B5ECB}.Debug|iPhoneSimulator.Build.0 = Debug|iPhoneSimulator
		{2873F9D8-66EF-4CD6-9314-6728638B5ECB}.Debug|iPhoneSimulator.Deploy.0 = Debug|iPhoneSimulator
		{2873F9D8-66EF-4CD6-9314-6728638B5ECB}.Debug|Mixed Platforms.ActiveCfg = Debug|iPhone
		{2873F9D8-66EF-4CD6-9314-6728638B5ECB}.Debug|Mixed Platforms.Build.0 = Debug|iPhone
		{2873F9D8-66EF-4CD6-9314-6728638B5ECB}.Debug|Mixed Platforms.Deploy.0 = Debug|iPhone
		{2873F9D8-66EF-4CD6-9314-6728638B5ECB}.Debug|x86.ActiveCfg = Debug|iPhone
		{2873F9D8-66EF-4CD6-9314-6728638B5ECB}.Release|Any CPU.ActiveCfg = Release|iPhoneSimulator
		{2873F9D8-66EF-4CD6-9314-6728638B5ECB}.Release|Any CPU.Build.0 = Release|iPhoneSimulator
		{2873F9D8-66EF-4CD6-9314-6728638B5ECB}.Release|ARM.ActiveCfg = Release|iPhone
		{2873F9D8-66EF-4CD6-9314-6728638B5ECB}.Release|iPhone.ActiveCfg = Release|iPhone
		{2873F9D8-66EF-4CD6-9314-6728638B5ECB}.Release|iPhone.Build.0 = Release|iPhone
		{2873F9D8-66EF-4CD6-9314-6728638B5ECB}.Release|iPhoneSimulator.ActiveCfg = Release|iPhoneSimulator
		{2873F9D8-66EF-4CD6-9314-6728638B5ECB}.Release|iPhoneSimulator.Build.0 = Release|iPhoneSimulator
		{2873F9D8-66EF-4CD6-9314-6728638B5ECB}.Release|iPhoneSimulator.Deploy.0 = Release|iPhoneSimulator
		{2873F9D8-66EF-4CD6-9314-6728638B5ECB}.Release|Mixed Platforms.ActiveCfg = Release|iPhone
		{2873F9D8-66EF-4CD6-9314-6728638B5ECB}.Release|Mixed Platforms.Build.0 = Release|iPhone
		{2873F9D8-66EF-4CD6-9314-6728638B5ECB}.Release|Mixed Platforms.Deploy.0 = Release|iPhone
		{2873F9D8-66EF-4CD6-9314-6728638B5ECB}.Release|x86.ActiveCfg = Release|iPhone
		{BF012352-95C8-424A-9A57-DB5699794AF7}.Ad-Hoc|Any CPU.ActiveCfg = Release|Any CPU
		{BF012352-95C8-424A-9A57-DB5699794AF7}.Ad-Hoc|ARM.ActiveCfg = Release|Any CPU
		{BF012352-95C8-424A-9A57-DB5699794AF7}.Ad-Hoc|iPhone.ActiveCfg = Debug|Any CPU
		{BF012352-95C8-424A-9A57-DB5699794AF7}.Ad-Hoc|iPhone.Build.0 = Debug|Any CPU
		{BF012352-95C8-424A-9A57-DB5699794AF7}.Ad-Hoc|iPhoneSimulator.ActiveCfg = Release|Any CPU
		{BF012352-95C8-424A-9A57-DB5699794AF7}.Ad-Hoc|Mixed Platforms.ActiveCfg = Release|Any CPU
		{BF012352-95C8-424A-9A57-DB5699794AF7}.Ad-Hoc|Mixed Platforms.Build.0 = Release|Any CPU
		{BF012352-95C8-424A-9A57-DB5699794AF7}.Ad-Hoc|Mixed Platforms.Deploy.0 = Release|Any CPU
		{BF012352-95C8-424A-9A57-DB5699794AF7}.Ad-Hoc|x86.ActiveCfg = Release|Any CPU
		{BF012352-95C8-424A-9A57-DB5699794AF7}.AppStore|Any CPU.ActiveCfg = Release|Any CPU
		{BF012352-95C8-424A-9A57-DB5699794AF7}.AppStore|ARM.ActiveCfg = Release|Any CPU
		{BF012352-95C8-424A-9A57-DB5699794AF7}.AppStore|iPhone.ActiveCfg = Debug|Any CPU
		{BF012352-95C8-424A-9A57-DB5699794AF7}.AppStore|iPhone.Build.0 = Debug|Any CPU
		{BF012352-95C8-424A-9A57-DB5699794AF7}.AppStore|iPhoneSimulator.ActiveCfg = Release|Any CPU
		{BF012352-95C8-424A-9A57-DB5699794AF7}.AppStore|Mixed Platforms.ActiveCfg = Release|Any CPU
		{BF012352-95C8-424A-9A57-DB5699794AF7}.AppStore|Mixed Platforms.Build.0 = Release|Any CPU
		{BF012352-95C8-424A-9A57-DB5699794AF7}.AppStore|Mixed Platforms.Deploy.0 = Release|Any CPU
		{BF012352-95C8-424A-9A57-DB5699794AF7}.AppStore|x86.ActiveCfg = Release|Any CPU
		{BF012352-95C8-424A-9A57-DB5699794AF7}.Debug|Any CPU.ActiveCfg = Debug|Any CPU
		{BF012352-95C8-424A-9A57-DB5699794AF7}.Debug|Any CPU.Build.0 = Debug|Any CPU
		{BF012352-95C8-424A-9A57-DB5699794AF7}.Debug|Any CPU.Deploy.0 = Debug|Any CPU
		{BF012352-95C8-424A-9A57-DB5699794AF7}.Debug|ARM.ActiveCfg = Debug|Any CPU
		{BF012352-95C8-424A-9A57-DB5699794AF7}.Debug|iPhone.ActiveCfg = Debug|Any CPU
		{BF012352-95C8-424A-9A57-DB5699794AF7}.Debug|iPhone.Build.0 = Debug|Any CPU
		{BF012352-95C8-424A-9A57-DB5699794AF7}.Debug|iPhoneSimulator.ActiveCfg = Debug|Any CPU
		{BF012352-95C8-424A-9A57-DB5699794AF7}.Debug|iPhoneSimulator.Build.0 = Debug|Any CPU
		{BF012352-95C8-424A-9A57-DB5699794AF7}.Debug|Mixed Platforms.ActiveCfg = Debug|Any CPU
		{BF012352-95C8-424A-9A57-DB5699794AF7}.Debug|Mixed Platforms.Build.0 = Debug|Any CPU
		{BF012352-95C8-424A-9A57-DB5699794AF7}.Debug|Mixed Platforms.Deploy.0 = Debug|Any CPU
		{BF012352-95C8-424A-9A57-DB5699794AF7}.Debug|x86.ActiveCfg = Debug|Any CPU
		{BF012352-95C8-424A-9A57-DB5699794AF7}.Release|Any CPU.ActiveCfg = Release|Any CPU
		{BF012352-95C8-424A-9A57-DB5699794AF7}.Release|Any CPU.Build.0 = Release|Any CPU
		{BF012352-95C8-424A-9A57-DB5699794AF7}.Release|Any CPU.Deploy.0 = Release|Any CPU
		{BF012352-95C8-424A-9A57-DB5699794AF7}.Release|ARM.ActiveCfg = Release|Any CPU
		{BF012352-95C8-424A-9A57-DB5699794AF7}.Release|iPhone.ActiveCfg = Release|Any CPU
		{BF012352-95C8-424A-9A57-DB5699794AF7}.Release|iPhone.Build.0 = Release|Any CPU
		{BF012352-95C8-424A-9A57-DB5699794AF7}.Release|iPhoneSimulator.ActiveCfg = Release|Any CPU
		{BF012352-95C8-424A-9A57-DB5699794AF7}.Release|iPhoneSimulator.Build.0 = Release|Any CPU
		{BF012352-95C8-424A-9A57-DB5699794AF7}.Release|Mixed Platforms.ActiveCfg = Release|Any CPU
		{BF012352-95C8-424A-9A57-DB5699794AF7}.Release|Mixed Platforms.Build.0 = Release|Any CPU
		{BF012352-95C8-424A-9A57-DB5699794AF7}.Release|Mixed Platforms.Deploy.0 = Release|Any CPU
		{BF012352-95C8-424A-9A57-DB5699794AF7}.Release|x86.ActiveCfg = Release|Any CPU
		{1652DF32-49A4-43B2-8C82-534BFD96135E}.Ad-Hoc|Any CPU.ActiveCfg = Release|x86
		{1652DF32-49A4-43B2-8C82-534BFD96135E}.Ad-Hoc|ARM.ActiveCfg = Release|ARM
		{1652DF32-49A4-43B2-8C82-534BFD96135E}.Ad-Hoc|ARM.Build.0 = Release|ARM
		{1652DF32-49A4-43B2-8C82-534BFD96135E}.Ad-Hoc|ARM.Deploy.0 = Release|ARM
		{1652DF32-49A4-43B2-8C82-534BFD96135E}.Ad-Hoc|iPhone.ActiveCfg = Release|x86
		{1652DF32-49A4-43B2-8C82-534BFD96135E}.Ad-Hoc|iPhoneSimulator.ActiveCfg = Release|x86
		{1652DF32-49A4-43B2-8C82-534BFD96135E}.Ad-Hoc|Mixed Platforms.ActiveCfg = Release|x86
		{1652DF32-49A4-43B2-8C82-534BFD96135E}.Ad-Hoc|Mixed Platforms.Build.0 = Release|x86
		{1652DF32-49A4-43B2-8C82-534BFD96135E}.Ad-Hoc|Mixed Platforms.Deploy.0 = Release|x86
		{1652DF32-49A4-43B2-8C82-534BFD96135E}.Ad-Hoc|x86.ActiveCfg = Release|x86
		{1652DF32-49A4-43B2-8C82-534BFD96135E}.Ad-Hoc|x86.Build.0 = Release|x86
		{1652DF32-49A4-43B2-8C82-534BFD96135E}.Ad-Hoc|x86.Deploy.0 = Release|x86
		{1652DF32-49A4-43B2-8C82-534BFD96135E}.AppStore|Any CPU.ActiveCfg = Release|x86
		{1652DF32-49A4-43B2-8C82-534BFD96135E}.AppStore|ARM.ActiveCfg = Release|ARM
		{1652DF32-49A4-43B2-8C82-534BFD96135E}.AppStore|ARM.Build.0 = Release|ARM
		{1652DF32-49A4-43B2-8C82-534BFD96135E}.AppStore|ARM.Deploy.0 = Release|ARM
		{1652DF32-49A4-43B2-8C82-534BFD96135E}.AppStore|iPhone.ActiveCfg = Release|x86
		{1652DF32-49A4-43B2-8C82-534BFD96135E}.AppStore|iPhoneSimulator.ActiveCfg = Release|x86
		{1652DF32-49A4-43B2-8C82-534BFD96135E}.AppStore|Mixed Platforms.ActiveCfg = Release|x86
		{1652DF32-49A4-43B2-8C82-534BFD96135E}.AppStore|Mixed Platforms.Build.0 = Release|x86
		{1652DF32-49A4-43B2-8C82-534BFD96135E}.AppStore|Mixed Platforms.Deploy.0 = Release|x86
		{1652DF32-49A4-43B2-8C82-534BFD96135E}.AppStore|x86.ActiveCfg = Release|x86
		{1652DF32-49A4-43B2-8C82-534BFD96135E}.AppStore|x86.Build.0 = Release|x86
		{1652DF32-49A4-43B2-8C82-534BFD96135E}.AppStore|x86.Deploy.0 = Release|x86
		{1652DF32-49A4-43B2-8C82-534BFD96135E}.Debug|Any CPU.ActiveCfg = Debug|x86
		{1652DF32-49A4-43B2-8C82-534BFD96135E}.Debug|ARM.ActiveCfg = Debug|ARM
		{1652DF32-49A4-43B2-8C82-534BFD96135E}.Debug|ARM.Build.0 = Debug|ARM
		{1652DF32-49A4-43B2-8C82-534BFD96135E}.Debug|ARM.Deploy.0 = Debug|ARM
		{1652DF32-49A4-43B2-8C82-534BFD96135E}.Debug|iPhone.ActiveCfg = Debug|x86
		{1652DF32-49A4-43B2-8C82-534BFD96135E}.Debug|iPhoneSimulator.ActiveCfg = Debug|x86
		{1652DF32-49A4-43B2-8C82-534BFD96135E}.Debug|Mixed Platforms.ActiveCfg = Debug|x86
		{1652DF32-49A4-43B2-8C82-534BFD96135E}.Debug|Mixed Platforms.Build.0 = Debug|x86
		{1652DF32-49A4-43B2-8C82-534BFD96135E}.Debug|Mixed Platforms.Deploy.0 = Debug|x86
		{1652DF32-49A4-43B2-8C82-534BFD96135E}.Debug|x86.ActiveCfg = Debug|x86
		{1652DF32-49A4-43B2-8C82-534BFD96135E}.Debug|x86.Build.0 = Debug|x86
		{1652DF32-49A4-43B2-8C82-534BFD96135E}.Debug|x86.Deploy.0 = Debug|x86
		{1652DF32-49A4-43B2-8C82-534BFD96135E}.Release|Any CPU.ActiveCfg = Release|x86
		{1652DF32-49A4-43B2-8C82-534BFD96135E}.Release|ARM.ActiveCfg = Release|ARM
		{1652DF32-49A4-43B2-8C82-534BFD96135E}.Release|ARM.Build.0 = Release|ARM
		{1652DF32-49A4-43B2-8C82-534BFD96135E}.Release|ARM.Deploy.0 = Release|ARM
		{1652DF32-49A4-43B2-8C82-534BFD96135E}.Release|iPhone.ActiveCfg = Release|x86
		{1652DF32-49A4-43B2-8C82-534BFD96135E}.Release|iPhoneSimulator.ActiveCfg = Release|x86
		{1652DF32-49A4-43B2-8C82-534BFD96135E}.Release|Mixed Platforms.ActiveCfg = Release|x86
		{1652DF32-49A4-43B2-8C82-534BFD96135E}.Release|Mixed Platforms.Build.0 = Release|x86
		{1652DF32-49A4-43B2-8C82-534BFD96135E}.Release|Mixed Platforms.Deploy.0 = Release|x86
		{1652DF32-49A4-43B2-8C82-534BFD96135E}.Release|x86.ActiveCfg = Release|x86
		{1652DF32-49A4-43B2-8C82-534BFD96135E}.Release|x86.Build.0 = Release|x86
		{1652DF32-49A4-43B2-8C82-534BFD96135E}.Release|x86.Deploy.0 = Release|x86
		{2E200799-1170-49BF-A4AA-2A9228F8A213}.Ad-Hoc|Any CPU.ActiveCfg = Release|Any CPU
		{2E200799-1170-49BF-A4AA-2A9228F8A213}.Ad-Hoc|Any CPU.Build.0 = Release|Any CPU
		{2E200799-1170-49BF-A4AA-2A9228F8A213}.Ad-Hoc|ARM.ActiveCfg = Release|Any CPU
		{2E200799-1170-49BF-A4AA-2A9228F8A213}.Ad-Hoc|iPhone.ActiveCfg = Release|Any CPU
		{2E200799-1170-49BF-A4AA-2A9228F8A213}.Ad-Hoc|iPhoneSimulator.ActiveCfg = Release|Any CPU
		{2E200799-1170-49BF-A4AA-2A9228F8A213}.Ad-Hoc|Mixed Platforms.ActiveCfg = Release|Any CPU
		{2E200799-1170-49BF-A4AA-2A9228F8A213}.Ad-Hoc|Mixed Platforms.Build.0 = Release|Any CPU
		{2E200799-1170-49BF-A4AA-2A9228F8A213}.Ad-Hoc|x86.ActiveCfg = Release|Any CPU
		{2E200799-1170-49BF-A4AA-2A9228F8A213}.AppStore|Any CPU.ActiveCfg = Release|Any CPU
		{2E200799-1170-49BF-A4AA-2A9228F8A213}.AppStore|Any CPU.Build.0 = Release|Any CPU
		{2E200799-1170-49BF-A4AA-2A9228F8A213}.AppStore|ARM.ActiveCfg = Release|Any CPU
		{2E200799-1170-49BF-A4AA-2A9228F8A213}.AppStore|iPhone.ActiveCfg = Release|Any CPU
		{2E200799-1170-49BF-A4AA-2A9228F8A213}.AppStore|iPhoneSimulator.ActiveCfg = Release|Any CPU
		{2E200799-1170-49BF-A4AA-2A9228F8A213}.AppStore|Mixed Platforms.ActiveCfg = Release|Any CPU
		{2E200799-1170-49BF-A4AA-2A9228F8A213}.AppStore|Mixed Platforms.Build.0 = Release|Any CPU
		{2E200799-1170-49BF-A4AA-2A9228F8A213}.AppStore|x86.ActiveCfg = Release|Any CPU
		{2E200799-1170-49BF-A4AA-2A9228F8A213}.Debug|Any CPU.ActiveCfg = Debug|Any CPU
		{2E200799-1170-49BF-A4AA-2A9228F8A213}.Debug|Any CPU.Build.0 = Debug|Any CPU
		{2E200799-1170-49BF-A4AA-2A9228F8A213}.Debug|ARM.ActiveCfg = Debug|Any CPU
		{2E200799-1170-49BF-A4AA-2A9228F8A213}.Debug|iPhone.ActiveCfg = Debug|Any CPU
		{2E200799-1170-49BF-A4AA-2A9228F8A213}.Debug|iPhoneSimulator.ActiveCfg = Debug|Any CPU
		{2E200799-1170-49BF-A4AA-2A9228F8A213}.Debug|Mixed Platforms.ActiveCfg = Debug|Any CPU
		{2E200799-1170-49BF-A4AA-2A9228F8A213}.Debug|Mixed Platforms.Build.0 = Debug|Any CPU
		{2E200799-1170-49BF-A4AA-2A9228F8A213}.Debug|x86.ActiveCfg = Debug|Any CPU
		{2E200799-1170-49BF-A4AA-2A9228F8A213}.Release|Any CPU.ActiveCfg = Release|Any CPU
		{2E200799-1170-49BF-A4AA-2A9228F8A213}.Release|Any CPU.Build.0 = Release|Any CPU
		{2E200799-1170-49BF-A4AA-2A9228F8A213}.Release|ARM.ActiveCfg = Release|Any CPU
		{2E200799-1170-49BF-A4AA-2A9228F8A213}.Release|iPhone.ActiveCfg = Release|Any CPU
		{2E200799-1170-49BF-A4AA-2A9228F8A213}.Release|iPhoneSimulator.ActiveCfg = Release|Any CPU
		{2E200799-1170-49BF-A4AA-2A9228F8A213}.Release|Mixed Platforms.ActiveCfg = Release|Any CPU
		{2E200799-1170-49BF-A4AA-2A9228F8A213}.Release|Mixed Platforms.Build.0 = Release|Any CPU
		{2E200799-1170-49BF-A4AA-2A9228F8A213}.Release|x86.ActiveCfg = Release|Any CPU
		{F8C821A9-155E-48BC-8998-1ED9DE5CEF1A}.Ad-Hoc|Any CPU.ActiveCfg = Release|Any CPU
		{F8C821A9-155E-48BC-8998-1ED9DE5CEF1A}.Ad-Hoc|Any CPU.Build.0 = Release|Any CPU
		{F8C821A9-155E-48BC-8998-1ED9DE5CEF1A}.Ad-Hoc|ARM.ActiveCfg = Release|Any CPU
		{F8C821A9-155E-48BC-8998-1ED9DE5CEF1A}.Ad-Hoc|iPhone.ActiveCfg = Release|Any CPU
		{F8C821A9-155E-48BC-8998-1ED9DE5CEF1A}.Ad-Hoc|iPhoneSimulator.ActiveCfg = Release|Any CPU
		{F8C821A9-155E-48BC-8998-1ED9DE5CEF1A}.Ad-Hoc|Mixed Platforms.ActiveCfg = Release|Any CPU
		{F8C821A9-155E-48BC-8998-1ED9DE5CEF1A}.Ad-Hoc|Mixed Platforms.Build.0 = Release|Any CPU
		{F8C821A9-155E-48BC-8998-1ED9DE5CEF1A}.Ad-Hoc|x86.ActiveCfg = Release|Any CPU
		{F8C821A9-155E-48BC-8998-1ED9DE5CEF1A}.AppStore|Any CPU.ActiveCfg = Release|Any CPU
		{F8C821A9-155E-48BC-8998-1ED9DE5CEF1A}.AppStore|Any CPU.Build.0 = Release|Any CPU
		{F8C821A9-155E-48BC-8998-1ED9DE5CEF1A}.AppStore|ARM.ActiveCfg = Release|Any CPU
		{F8C821A9-155E-48BC-8998-1ED9DE5CEF1A}.AppStore|iPhone.ActiveCfg = Release|Any CPU
		{F8C821A9-155E-48BC-8998-1ED9DE5CEF1A}.AppStore|iPhoneSimulator.ActiveCfg = Release|Any CPU
		{F8C821A9-155E-48BC-8998-1ED9DE5CEF1A}.AppStore|Mixed Platforms.ActiveCfg = Release|Any CPU
		{F8C821A9-155E-48BC-8998-1ED9DE5CEF1A}.AppStore|Mixed Platforms.Build.0 = Release|Any CPU
		{F8C821A9-155E-48BC-8998-1ED9DE5CEF1A}.AppStore|x86.ActiveCfg = Release|Any CPU
		{F8C821A9-155E-48BC-8998-1ED9DE5CEF1A}.Debug|Any CPU.ActiveCfg = Debug|Any CPU
		{F8C821A9-155E-48BC-8998-1ED9DE5CEF1A}.Debug|Any CPU.Build.0 = Debug|Any CPU
		{F8C821A9-155E-48BC-8998-1ED9DE5CEF1A}.Debug|ARM.ActiveCfg = Debug|Any CPU
		{F8C821A9-155E-48BC-8998-1ED9DE5CEF1A}.Debug|iPhone.ActiveCfg = Debug|Any CPU
		{F8C821A9-155E-48BC-8998-1ED9DE5CEF1A}.Debug|iPhoneSimulator.ActiveCfg = Debug|Any CPU
		{F8C821A9-155E-48BC-8998-1ED9DE5CEF1A}.Debug|Mixed Platforms.ActiveCfg = Debug|Any CPU
		{F8C821A9-155E-48BC-8998-1ED9DE5CEF1A}.Debug|Mixed Platforms.Build.0 = Debug|Any CPU
		{F8C821A9-155E-48BC-8998-1ED9DE5CEF1A}.Debug|x86.ActiveCfg = Debug|Any CPU
		{F8C821A9-155E-48BC-8998-1ED9DE5CEF1A}.Release|Any CPU.ActiveCfg = Release|Any CPU
		{F8C821A9-155E-48BC-8998-1ED9DE5CEF1A}.Release|Any CPU.Build.0 = Release|Any CPU
		{F8C821A9-155E-48BC-8998-1ED9DE5CEF1A}.Release|ARM.ActiveCfg = Release|Any CPU
		{F8C821A9-155E-48BC-8998-1ED9DE5CEF1A}.Release|iPhone.ActiveCfg = Release|Any CPU
		{F8C821A9-155E-48BC-8998-1ED9DE5CEF1A}.Release|iPhoneSimulator.ActiveCfg = Release|Any CPU
		{F8C821A9-155E-48BC-8998-1ED9DE5CEF1A}.Release|Mixed Platforms.ActiveCfg = Release|Any CPU
		{F8C821A9-155E-48BC-8998-1ED9DE5CEF1A}.Release|Mixed Platforms.Build.0 = Release|Any CPU
		{F8C821A9-155E-48BC-8998-1ED9DE5CEF1A}.Release|x86.ActiveCfg = Release|Any CPU
		{EC5686A6-9846-4B09-8288-CB7396331B54}.Ad-Hoc|Any CPU.ActiveCfg = Release|Any CPU
		{EC5686A6-9846-4B09-8288-CB7396331B54}.Ad-Hoc|Any CPU.Build.0 = Release|Any CPU
		{EC5686A6-9846-4B09-8288-CB7396331B54}.Ad-Hoc|ARM.ActiveCfg = Release|Any CPU
		{EC5686A6-9846-4B09-8288-CB7396331B54}.Ad-Hoc|iPhone.ActiveCfg = Release|Any CPU
		{EC5686A6-9846-4B09-8288-CB7396331B54}.Ad-Hoc|iPhoneSimulator.ActiveCfg = Release|Any CPU
		{EC5686A6-9846-4B09-8288-CB7396331B54}.Ad-Hoc|Mixed Platforms.ActiveCfg = Release|Any CPU
		{EC5686A6-9846-4B09-8288-CB7396331B54}.Ad-Hoc|Mixed Platforms.Build.0 = Release|Any CPU
		{EC5686A6-9846-4B09-8288-CB7396331B54}.Ad-Hoc|x86.ActiveCfg = Release|Any CPU
		{EC5686A6-9846-4B09-8288-CB7396331B54}.AppStore|Any CPU.ActiveCfg = Release|Any CPU
		{EC5686A6-9846-4B09-8288-CB7396331B54}.AppStore|Any CPU.Build.0 = Release|Any CPU
		{EC5686A6-9846-4B09-8288-CB7396331B54}.AppStore|ARM.ActiveCfg = Release|Any CPU
		{EC5686A6-9846-4B09-8288-CB7396331B54}.AppStore|iPhone.ActiveCfg = Release|Any CPU
		{EC5686A6-9846-4B09-8288-CB7396331B54}.AppStore|iPhoneSimulator.ActiveCfg = Release|Any CPU
		{EC5686A6-9846-4B09-8288-CB7396331B54}.AppStore|Mixed Platforms.ActiveCfg = Release|Any CPU
		{EC5686A6-9846-4B09-8288-CB7396331B54}.AppStore|Mixed Platforms.Build.0 = Release|Any CPU
		{EC5686A6-9846-4B09-8288-CB7396331B54}.AppStore|x86.ActiveCfg = Release|Any CPU
		{EC5686A6-9846-4B09-8288-CB7396331B54}.Debug|Any CPU.ActiveCfg = Debug|Any CPU
		{EC5686A6-9846-4B09-8288-CB7396331B54}.Debug|Any CPU.Build.0 = Debug|Any CPU
		{EC5686A6-9846-4B09-8288-CB7396331B54}.Debug|ARM.ActiveCfg = Debug|Any CPU
		{EC5686A6-9846-4B09-8288-CB7396331B54}.Debug|iPhone.ActiveCfg = Debug|Any CPU
		{EC5686A6-9846-4B09-8288-CB7396331B54}.Debug|iPhoneSimulator.ActiveCfg = Debug|Any CPU
		{EC5686A6-9846-4B09-8288-CB7396331B54}.Debug|Mixed Platforms.ActiveCfg = Debug|Any CPU
		{EC5686A6-9846-4B09-8288-CB7396331B54}.Debug|Mixed Platforms.Build.0 = Debug|Any CPU
		{EC5686A6-9846-4B09-8288-CB7396331B54}.Debug|x86.ActiveCfg = Debug|Any CPU
		{EC5686A6-9846-4B09-8288-CB7396331B54}.Release|Any CPU.ActiveCfg = Release|Any CPU
		{EC5686A6-9846-4B09-8288-CB7396331B54}.Release|Any CPU.Build.0 = Release|Any CPU
		{EC5686A6-9846-4B09-8288-CB7396331B54}.Release|ARM.ActiveCfg = Release|Any CPU
		{EC5686A6-9846-4B09-8288-CB7396331B54}.Release|iPhone.ActiveCfg = Release|Any CPU
		{EC5686A6-9846-4B09-8288-CB7396331B54}.Release|iPhoneSimulator.ActiveCfg = Release|Any CPU
		{EC5686A6-9846-4B09-8288-CB7396331B54}.Release|Mixed Platforms.ActiveCfg = Release|Any CPU
		{EC5686A6-9846-4B09-8288-CB7396331B54}.Release|Mixed Platforms.Build.0 = Release|Any CPU
		{EC5686A6-9846-4B09-8288-CB7396331B54}.Release|x86.ActiveCfg = Release|Any CPU
		{526F68E5-B35B-45FB-A54F-25793D2A1678}.Ad-Hoc|Any CPU.ActiveCfg = Release|Any CPU
		{526F68E5-B35B-45FB-A54F-25793D2A1678}.Ad-Hoc|Any CPU.Build.0 = Release|Any CPU
		{526F68E5-B35B-45FB-A54F-25793D2A1678}.Ad-Hoc|ARM.ActiveCfg = Release|Any CPU
		{526F68E5-B35B-45FB-A54F-25793D2A1678}.Ad-Hoc|iPhone.ActiveCfg = Release|Any CPU
		{526F68E5-B35B-45FB-A54F-25793D2A1678}.Ad-Hoc|iPhoneSimulator.ActiveCfg = Release|Any CPU
		{526F68E5-B35B-45FB-A54F-25793D2A1678}.Ad-Hoc|Mixed Platforms.ActiveCfg = Release|Any CPU
		{526F68E5-B35B-45FB-A54F-25793D2A1678}.Ad-Hoc|Mixed Platforms.Build.0 = Release|Any CPU
		{526F68E5-B35B-45FB-A54F-25793D2A1678}.Ad-Hoc|x86.ActiveCfg = Release|Any CPU
		{526F68E5-B35B-45FB-A54F-25793D2A1678}.AppStore|Any CPU.ActiveCfg = Release|Any CPU
		{526F68E5-B35B-45FB-A54F-25793D2A1678}.AppStore|Any CPU.Build.0 = Release|Any CPU
		{526F68E5-B35B-45FB-A54F-25793D2A1678}.AppStore|ARM.ActiveCfg = Release|Any CPU
		{526F68E5-B35B-45FB-A54F-25793D2A1678}.AppStore|iPhone.ActiveCfg = Release|Any CPU
		{526F68E5-B35B-45FB-A54F-25793D2A1678}.AppStore|iPhoneSimulator.ActiveCfg = Release|Any CPU
		{526F68E5-B35B-45FB-A54F-25793D2A1678}.AppStore|Mixed Platforms.ActiveCfg = Release|Any CPU
		{526F68E5-B35B-45FB-A54F-25793D2A1678}.AppStore|Mixed Platforms.Build.0 = Release|Any CPU
		{526F68E5-B35B-45FB-A54F-25793D2A1678}.AppStore|x86.ActiveCfg = Release|Any CPU
		{526F68E5-B35B-45FB-A54F-25793D2A1678}.Debug|Any CPU.ActiveCfg = Debug|Any CPU
		{526F68E5-B35B-45FB-A54F-25793D2A1678}.Debug|Any CPU.Build.0 = Debug|Any CPU
		{526F68E5-B35B-45FB-A54F-25793D2A1678}.Debug|ARM.ActiveCfg = Debug|Any CPU
		{526F68E5-B35B-45FB-A54F-25793D2A1678}.Debug|iPhone.ActiveCfg = Debug|Any CPU
		{526F68E5-B35B-45FB-A54F-25793D2A1678}.Debug|iPhoneSimulator.ActiveCfg = Debug|Any CPU
		{526F68E5-B35B-45FB-A54F-25793D2A1678}.Debug|Mixed Platforms.ActiveCfg = Debug|Any CPU
		{526F68E5-B35B-45FB-A54F-25793D2A1678}.Debug|Mixed Platforms.Build.0 = Debug|Any CPU
		{526F68E5-B35B-45FB-A54F-25793D2A1678}.Debug|x86.ActiveCfg = Debug|Any CPU
		{526F68E5-B35B-45FB-A54F-25793D2A1678}.Release|Any CPU.ActiveCfg = Release|Any CPU
		{526F68E5-B35B-45FB-A54F-25793D2A1678}.Release|Any CPU.Build.0 = Release|Any CPU
		{526F68E5-B35B-45FB-A54F-25793D2A1678}.Release|ARM.ActiveCfg = Release|Any CPU
		{526F68E5-B35B-45FB-A54F-25793D2A1678}.Release|iPhone.ActiveCfg = Release|Any CPU
		{526F68E5-B35B-45FB-A54F-25793D2A1678}.Release|iPhoneSimulator.ActiveCfg = Release|Any CPU
		{526F68E5-B35B-45FB-A54F-25793D2A1678}.Release|Mixed Platforms.ActiveCfg = Release|Any CPU
		{526F68E5-B35B-45FB-A54F-25793D2A1678}.Release|Mixed Platforms.Build.0 = Release|Any CPU
		{526F68E5-B35B-45FB-A54F-25793D2A1678}.Release|x86.ActiveCfg = Release|Any CPU
		{9DA37747-6E12-40C8-8DE6-0775AF6421EC}.Ad-Hoc|Any CPU.ActiveCfg = Release|Any CPU
		{9DA37747-6E12-40C8-8DE6-0775AF6421EC}.Ad-Hoc|Any CPU.Build.0 = Release|Any CPU
		{9DA37747-6E12-40C8-8DE6-0775AF6421EC}.Ad-Hoc|ARM.ActiveCfg = Release|Any CPU
		{9DA37747-6E12-40C8-8DE6-0775AF6421EC}.Ad-Hoc|iPhone.ActiveCfg = Release|Any CPU
		{9DA37747-6E12-40C8-8DE6-0775AF6421EC}.Ad-Hoc|iPhoneSimulator.ActiveCfg = Release|Any CPU
		{9DA37747-6E12-40C8-8DE6-0775AF6421EC}.Ad-Hoc|Mixed Platforms.ActiveCfg = Release|Any CPU
		{9DA37747-6E12-40C8-8DE6-0775AF6421EC}.Ad-Hoc|Mixed Platforms.Build.0 = Release|Any CPU
		{9DA37747-6E12-40C8-8DE6-0775AF6421EC}.Ad-Hoc|x86.ActiveCfg = Release|Any CPU
		{9DA37747-6E12-40C8-8DE6-0775AF6421EC}.AppStore|Any CPU.ActiveCfg = Release|Any CPU
		{9DA37747-6E12-40C8-8DE6-0775AF6421EC}.AppStore|Any CPU.Build.0 = Release|Any CPU
		{9DA37747-6E12-40C8-8DE6-0775AF6421EC}.AppStore|ARM.ActiveCfg = Release|Any CPU
		{9DA37747-6E12-40C8-8DE6-0775AF6421EC}.AppStore|iPhone.ActiveCfg = Release|Any CPU
		{9DA37747-6E12-40C8-8DE6-0775AF6421EC}.AppStore|iPhoneSimulator.ActiveCfg = Release|Any CPU
		{9DA37747-6E12-40C8-8DE6-0775AF6421EC}.AppStore|Mixed Platforms.ActiveCfg = Release|Any CPU
		{9DA37747-6E12-40C8-8DE6-0775AF6421EC}.AppStore|Mixed Platforms.Build.0 = Release|Any CPU
		{9DA37747-6E12-40C8-8DE6-0775AF6421EC}.AppStore|x86.ActiveCfg = Release|Any CPU
		{9DA37747-6E12-40C8-8DE6-0775AF6421EC}.Debug|Any CPU.ActiveCfg = Debug|Any CPU
		{9DA37747-6E12-40C8-8DE6-0775AF6421EC}.Debug|Any CPU.Build.0 = Debug|Any CPU
		{9DA37747-6E12-40C8-8DE6-0775AF6421EC}.Debug|ARM.ActiveCfg = Debug|Any CPU
		{9DA37747-6E12-40C8-8DE6-0775AF6421EC}.Debug|iPhone.ActiveCfg = Debug|Any CPU
		{9DA37747-6E12-40C8-8DE6-0775AF6421EC}.Debug|iPhoneSimulator.ActiveCfg = Debug|Any CPU
		{9DA37747-6E12-40C8-8DE6-0775AF6421EC}.Debug|Mixed Platforms.ActiveCfg = Debug|Any CPU
		{9DA37747-6E12-40C8-8DE6-0775AF6421EC}.Debug|Mixed Platforms.Build.0 = Debug|Any CPU
		{9DA37747-6E12-40C8-8DE6-0775AF6421EC}.Debug|x86.ActiveCfg = Debug|Any CPU
		{9DA37747-6E12-40C8-8DE6-0775AF6421EC}.Release|Any CPU.ActiveCfg = Release|Any CPU
		{9DA37747-6E12-40C8-8DE6-0775AF6421EC}.Release|Any CPU.Build.0 = Release|Any CPU
		{9DA37747-6E12-40C8-8DE6-0775AF6421EC}.Release|ARM.ActiveCfg = Release|Any CPU
		{9DA37747-6E12-40C8-8DE6-0775AF6421EC}.Release|iPhone.ActiveCfg = Release|Any CPU
		{9DA37747-6E12-40C8-8DE6-0775AF6421EC}.Release|iPhoneSimulator.ActiveCfg = Release|Any CPU
		{9DA37747-6E12-40C8-8DE6-0775AF6421EC}.Release|Mixed Platforms.ActiveCfg = Release|Any CPU
		{9DA37747-6E12-40C8-8DE6-0775AF6421EC}.Release|Mixed Platforms.Build.0 = Release|Any CPU
		{9DA37747-6E12-40C8-8DE6-0775AF6421EC}.Release|x86.ActiveCfg = Release|Any CPU
		{EB39302A-1E5A-424A-86C3-A418213BCD5A}.Ad-Hoc|Any CPU.ActiveCfg = Release|Any CPU
		{EB39302A-1E5A-424A-86C3-A418213BCD5A}.Ad-Hoc|Any CPU.Build.0 = Release|Any CPU
		{EB39302A-1E5A-424A-86C3-A418213BCD5A}.Ad-Hoc|ARM.ActiveCfg = Release|Any CPU
		{EB39302A-1E5A-424A-86C3-A418213BCD5A}.Ad-Hoc|iPhone.ActiveCfg = Release|Any CPU
		{EB39302A-1E5A-424A-86C3-A418213BCD5A}.Ad-Hoc|iPhoneSimulator.ActiveCfg = Release|Any CPU
		{EB39302A-1E5A-424A-86C3-A418213BCD5A}.Ad-Hoc|Mixed Platforms.ActiveCfg = Release|Any CPU
		{EB39302A-1E5A-424A-86C3-A418213BCD5A}.Ad-Hoc|Mixed Platforms.Build.0 = Release|Any CPU
		{EB39302A-1E5A-424A-86C3-A418213BCD5A}.Ad-Hoc|x86.ActiveCfg = Release|Any CPU
		{EB39302A-1E5A-424A-86C3-A418213BCD5A}.AppStore|Any CPU.ActiveCfg = Release|Any CPU
		{EB39302A-1E5A-424A-86C3-A418213BCD5A}.AppStore|Any CPU.Build.0 = Release|Any CPU
		{EB39302A-1E5A-424A-86C3-A418213BCD5A}.AppStore|ARM.ActiveCfg = Release|Any CPU
		{EB39302A-1E5A-424A-86C3-A418213BCD5A}.AppStore|iPhone.ActiveCfg = Release|Any CPU
		{EB39302A-1E5A-424A-86C3-A418213BCD5A}.AppStore|iPhoneSimulator.ActiveCfg = Release|Any CPU
		{EB39302A-1E5A-424A-86C3-A418213BCD5A}.AppStore|Mixed Platforms.ActiveCfg = Release|Any CPU
		{EB39302A-1E5A-424A-86C3-A418213BCD5A}.AppStore|Mixed Platforms.Build.0 = Release|Any CPU
		{EB39302A-1E5A-424A-86C3-A418213BCD5A}.AppStore|x86.ActiveCfg = Release|Any CPU
		{EB39302A-1E5A-424A-86C3-A418213BCD5A}.Debug|Any CPU.ActiveCfg = Debug|Any CPU
		{EB39302A-1E5A-424A-86C3-A418213BCD5A}.Debug|Any CPU.Build.0 = Debug|Any CPU
		{EB39302A-1E5A-424A-86C3-A418213BCD5A}.Debug|ARM.ActiveCfg = Debug|Any CPU
		{EB39302A-1E5A-424A-86C3-A418213BCD5A}.Debug|iPhone.ActiveCfg = Debug|Any CPU
		{EB39302A-1E5A-424A-86C3-A418213BCD5A}.Debug|iPhoneSimulator.ActiveCfg = Debug|Any CPU
		{EB39302A-1E5A-424A-86C3-A418213BCD5A}.Debug|Mixed Platforms.ActiveCfg = Debug|Any CPU
		{EB39302A-1E5A-424A-86C3-A418213BCD5A}.Debug|Mixed Platforms.Build.0 = Debug|Any CPU
		{EB39302A-1E5A-424A-86C3-A418213BCD5A}.Debug|x86.ActiveCfg = Debug|Any CPU
		{EB39302A-1E5A-424A-86C3-A418213BCD5A}.Release|Any CPU.ActiveCfg = Release|Any CPU
		{EB39302A-1E5A-424A-86C3-A418213BCD5A}.Release|Any CPU.Build.0 = Release|Any CPU
		{EB39302A-1E5A-424A-86C3-A418213BCD5A}.Release|ARM.ActiveCfg = Release|Any CPU
		{EB39302A-1E5A-424A-86C3-A418213BCD5A}.Release|iPhone.ActiveCfg = Release|Any CPU
		{EB39302A-1E5A-424A-86C3-A418213BCD5A}.Release|iPhoneSimulator.ActiveCfg = Release|Any CPU
		{EB39302A-1E5A-424A-86C3-A418213BCD5A}.Release|Mixed Platforms.ActiveCfg = Release|Any CPU
		{EB39302A-1E5A-424A-86C3-A418213BCD5A}.Release|Mixed Platforms.Build.0 = Release|Any CPU
		{EB39302A-1E5A-424A-86C3-A418213BCD5A}.Release|x86.ActiveCfg = Release|Any CPU
		{1C4A2234-76C8-45CA-8AE4-F7F8BF2DFCDC}.Ad-Hoc|Any CPU.ActiveCfg = Release|Any CPU
		{1C4A2234-76C8-45CA-8AE4-F7F8BF2DFCDC}.Ad-Hoc|Any CPU.Build.0 = Release|Any CPU
		{1C4A2234-76C8-45CA-8AE4-F7F8BF2DFCDC}.Ad-Hoc|ARM.ActiveCfg = Release|ARM
		{1C4A2234-76C8-45CA-8AE4-F7F8BF2DFCDC}.Ad-Hoc|ARM.Build.0 = Release|ARM
		{1C4A2234-76C8-45CA-8AE4-F7F8BF2DFCDC}.Ad-Hoc|iPhone.ActiveCfg = Release|Any CPU
		{1C4A2234-76C8-45CA-8AE4-F7F8BF2DFCDC}.Ad-Hoc|iPhoneSimulator.ActiveCfg = Release|Any CPU
		{1C4A2234-76C8-45CA-8AE4-F7F8BF2DFCDC}.Ad-Hoc|Mixed Platforms.ActiveCfg = Release|x86
		{1C4A2234-76C8-45CA-8AE4-F7F8BF2DFCDC}.Ad-Hoc|Mixed Platforms.Build.0 = Release|x86
		{1C4A2234-76C8-45CA-8AE4-F7F8BF2DFCDC}.Ad-Hoc|x86.ActiveCfg = Release|x86
		{1C4A2234-76C8-45CA-8AE4-F7F8BF2DFCDC}.Ad-Hoc|x86.Build.0 = Release|x86
		{1C4A2234-76C8-45CA-8AE4-F7F8BF2DFCDC}.AppStore|Any CPU.ActiveCfg = Release|Any CPU
		{1C4A2234-76C8-45CA-8AE4-F7F8BF2DFCDC}.AppStore|Any CPU.Build.0 = Release|Any CPU
		{1C4A2234-76C8-45CA-8AE4-F7F8BF2DFCDC}.AppStore|ARM.ActiveCfg = Release|ARM
		{1C4A2234-76C8-45CA-8AE4-F7F8BF2DFCDC}.AppStore|ARM.Build.0 = Release|ARM
		{1C4A2234-76C8-45CA-8AE4-F7F8BF2DFCDC}.AppStore|iPhone.ActiveCfg = Release|Any CPU
		{1C4A2234-76C8-45CA-8AE4-F7F8BF2DFCDC}.AppStore|iPhoneSimulator.ActiveCfg = Release|Any CPU
		{1C4A2234-76C8-45CA-8AE4-F7F8BF2DFCDC}.AppStore|Mixed Platforms.ActiveCfg = Release|x86
		{1C4A2234-76C8-45CA-8AE4-F7F8BF2DFCDC}.AppStore|Mixed Platforms.Build.0 = Release|x86
		{1C4A2234-76C8-45CA-8AE4-F7F8BF2DFCDC}.AppStore|x86.ActiveCfg = Release|x86
		{1C4A2234-76C8-45CA-8AE4-F7F8BF2DFCDC}.AppStore|x86.Build.0 = Release|x86
		{1C4A2234-76C8-45CA-8AE4-F7F8BF2DFCDC}.Debug|Any CPU.ActiveCfg = Debug|Any CPU
		{1C4A2234-76C8-45CA-8AE4-F7F8BF2DFCDC}.Debug|Any CPU.Build.0 = Debug|Any CPU
		{1C4A2234-76C8-45CA-8AE4-F7F8BF2DFCDC}.Debug|ARM.ActiveCfg = Debug|ARM
		{1C4A2234-76C8-45CA-8AE4-F7F8BF2DFCDC}.Debug|ARM.Build.0 = Debug|ARM
		{1C4A2234-76C8-45CA-8AE4-F7F8BF2DFCDC}.Debug|iPhone.ActiveCfg = Debug|Any CPU
		{1C4A2234-76C8-45CA-8AE4-F7F8BF2DFCDC}.Debug|iPhoneSimulator.ActiveCfg = Debug|Any CPU
		{1C4A2234-76C8-45CA-8AE4-F7F8BF2DFCDC}.Debug|Mixed Platforms.ActiveCfg = Debug|x86
		{1C4A2234-76C8-45CA-8AE4-F7F8BF2DFCDC}.Debug|Mixed Platforms.Build.0 = Debug|x86
		{1C4A2234-76C8-45CA-8AE4-F7F8BF2DFCDC}.Debug|x86.ActiveCfg = Debug|x86
		{1C4A2234-76C8-45CA-8AE4-F7F8BF2DFCDC}.Debug|x86.Build.0 = Debug|x86
		{1C4A2234-76C8-45CA-8AE4-F7F8BF2DFCDC}.Release|Any CPU.ActiveCfg = Release|Any CPU
		{1C4A2234-76C8-45CA-8AE4-F7F8BF2DFCDC}.Release|Any CPU.Build.0 = Release|Any CPU
		{1C4A2234-76C8-45CA-8AE4-F7F8BF2DFCDC}.Release|ARM.ActiveCfg = Release|ARM
		{1C4A2234-76C8-45CA-8AE4-F7F8BF2DFCDC}.Release|ARM.Build.0 = Release|ARM
		{1C4A2234-76C8-45CA-8AE4-F7F8BF2DFCDC}.Release|iPhone.ActiveCfg = Release|Any CPU
		{1C4A2234-76C8-45CA-8AE4-F7F8BF2DFCDC}.Release|iPhoneSimulator.ActiveCfg = Release|Any CPU
		{1C4A2234-76C8-45CA-8AE4-F7F8BF2DFCDC}.Release|Mixed Platforms.ActiveCfg = Release|x86
		{1C4A2234-76C8-45CA-8AE4-F7F8BF2DFCDC}.Release|Mixed Platforms.Build.0 = Release|x86
		{1C4A2234-76C8-45CA-8AE4-F7F8BF2DFCDC}.Release|x86.ActiveCfg = Release|x86
		{1C4A2234-76C8-45CA-8AE4-F7F8BF2DFCDC}.Release|x86.Build.0 = Release|x86
		{4D2D1468-BBB3-434A-84AC-B85EB7147A40}.Ad-Hoc|Any CPU.ActiveCfg = Release|Any CPU
		{4D2D1468-BBB3-434A-84AC-B85EB7147A40}.Ad-Hoc|Any CPU.Build.0 = Release|Any CPU
		{4D2D1468-BBB3-434A-84AC-B85EB7147A40}.Ad-Hoc|ARM.ActiveCfg = Release|Any CPU
		{4D2D1468-BBB3-434A-84AC-B85EB7147A40}.Ad-Hoc|iPhone.ActiveCfg = Release|Any CPU
		{4D2D1468-BBB3-434A-84AC-B85EB7147A40}.Ad-Hoc|iPhoneSimulator.ActiveCfg = Release|Any CPU
		{4D2D1468-BBB3-434A-84AC-B85EB7147A40}.Ad-Hoc|Mixed Platforms.ActiveCfg = Release|Any CPU
		{4D2D1468-BBB3-434A-84AC-B85EB7147A40}.Ad-Hoc|Mixed Platforms.Build.0 = Release|Any CPU
		{4D2D1468-BBB3-434A-84AC-B85EB7147A40}.Ad-Hoc|x86.ActiveCfg = Release|Any CPU
		{4D2D1468-BBB3-434A-84AC-B85EB7147A40}.AppStore|Any CPU.ActiveCfg = Release|Any CPU
		{4D2D1468-BBB3-434A-84AC-B85EB7147A40}.AppStore|Any CPU.Build.0 = Release|Any CPU
		{4D2D1468-BBB3-434A-84AC-B85EB7147A40}.AppStore|ARM.ActiveCfg = Release|Any CPU
		{4D2D1468-BBB3-434A-84AC-B85EB7147A40}.AppStore|iPhone.ActiveCfg = Release|Any CPU
		{4D2D1468-BBB3-434A-84AC-B85EB7147A40}.AppStore|iPhoneSimulator.ActiveCfg = Release|Any CPU
		{4D2D1468-BBB3-434A-84AC-B85EB7147A40}.AppStore|Mixed Platforms.ActiveCfg = Release|Any CPU
		{4D2D1468-BBB3-434A-84AC-B85EB7147A40}.AppStore|Mixed Platforms.Build.0 = Release|Any CPU
		{4D2D1468-BBB3-434A-84AC-B85EB7147A40}.AppStore|x86.ActiveCfg = Release|Any CPU
		{4D2D1468-BBB3-434A-84AC-B85EB7147A40}.Debug|Any CPU.ActiveCfg = Debug|Any CPU
		{4D2D1468-BBB3-434A-84AC-B85EB7147A40}.Debug|Any CPU.Build.0 = Debug|Any CPU
		{4D2D1468-BBB3-434A-84AC-B85EB7147A40}.Debug|ARM.ActiveCfg = Debug|Any CPU
		{4D2D1468-BBB3-434A-84AC-B85EB7147A40}.Debug|iPhone.ActiveCfg = Debug|Any CPU
		{4D2D1468-BBB3-434A-84AC-B85EB7147A40}.Debug|iPhoneSimulator.ActiveCfg = Debug|Any CPU
		{4D2D1468-BBB3-434A-84AC-B85EB7147A40}.Debug|Mixed Platforms.ActiveCfg = Debug|Any CPU
		{4D2D1468-BBB3-434A-84AC-B85EB7147A40}.Debug|Mixed Platforms.Build.0 = Debug|Any CPU
		{4D2D1468-BBB3-434A-84AC-B85EB7147A40}.Debug|x86.ActiveCfg = Debug|Any CPU
		{4D2D1468-BBB3-434A-84AC-B85EB7147A40}.Release|Any CPU.ActiveCfg = Release|Any CPU
		{4D2D1468-BBB3-434A-84AC-B85EB7147A40}.Release|Any CPU.Build.0 = Release|Any CPU
		{4D2D1468-BBB3-434A-84AC-B85EB7147A40}.Release|ARM.ActiveCfg = Release|Any CPU
		{4D2D1468-BBB3-434A-84AC-B85EB7147A40}.Release|iPhone.ActiveCfg = Release|Any CPU
		{4D2D1468-BBB3-434A-84AC-B85EB7147A40}.Release|iPhoneSimulator.ActiveCfg = Release|Any CPU
		{4D2D1468-BBB3-434A-84AC-B85EB7147A40}.Release|Mixed Platforms.ActiveCfg = Release|Any CPU
		{4D2D1468-BBB3-434A-84AC-B85EB7147A40}.Release|Mixed Platforms.Build.0 = Release|Any CPU
		{4D2D1468-BBB3-434A-84AC-B85EB7147A40}.Release|x86.ActiveCfg = Release|Any CPU
		{FCE4E482-0DF8-43AC-B574-8AAF74770D1C}.Ad-Hoc|Any CPU.ActiveCfg = Release|Any CPU
		{FCE4E482-0DF8-43AC-B574-8AAF74770D1C}.Ad-Hoc|Any CPU.Build.0 = Release|Any CPU
		{FCE4E482-0DF8-43AC-B574-8AAF74770D1C}.Ad-Hoc|ARM.ActiveCfg = Release|Any CPU
		{FCE4E482-0DF8-43AC-B574-8AAF74770D1C}.Ad-Hoc|iPhone.ActiveCfg = Release|Any CPU
		{FCE4E482-0DF8-43AC-B574-8AAF74770D1C}.Ad-Hoc|iPhoneSimulator.ActiveCfg = Release|Any CPU
		{FCE4E482-0DF8-43AC-B574-8AAF74770D1C}.Ad-Hoc|Mixed Platforms.ActiveCfg = Release|Any CPU
		{FCE4E482-0DF8-43AC-B574-8AAF74770D1C}.Ad-Hoc|Mixed Platforms.Build.0 = Release|Any CPU
		{FCE4E482-0DF8-43AC-B574-8AAF74770D1C}.Ad-Hoc|x86.ActiveCfg = Release|Any CPU
		{FCE4E482-0DF8-43AC-B574-8AAF74770D1C}.AppStore|Any CPU.ActiveCfg = Release|Any CPU
		{FCE4E482-0DF8-43AC-B574-8AAF74770D1C}.AppStore|Any CPU.Build.0 = Release|Any CPU
		{FCE4E482-0DF8-43AC-B574-8AAF74770D1C}.AppStore|ARM.ActiveCfg = Release|Any CPU
		{FCE4E482-0DF8-43AC-B574-8AAF74770D1C}.AppStore|iPhone.ActiveCfg = Release|Any CPU
		{FCE4E482-0DF8-43AC-B574-8AAF74770D1C}.AppStore|iPhoneSimulator.ActiveCfg = Release|Any CPU
		{FCE4E482-0DF8-43AC-B574-8AAF74770D1C}.AppStore|Mixed Platforms.ActiveCfg = Release|Any CPU
		{FCE4E482-0DF8-43AC-B574-8AAF74770D1C}.AppStore|Mixed Platforms.Build.0 = Release|Any CPU
		{FCE4E482-0DF8-43AC-B574-8AAF74770D1C}.AppStore|x86.ActiveCfg = Release|Any CPU
		{FCE4E482-0DF8-43AC-B574-8AAF74770D1C}.Debug|Any CPU.ActiveCfg = Debug|Any CPU
		{FCE4E482-0DF8-43AC-B574-8AAF74770D1C}.Debug|Any CPU.Build.0 = Debug|Any CPU
		{FCE4E482-0DF8-43AC-B574-8AAF74770D1C}.Debug|ARM.ActiveCfg = Debug|Any CPU
		{FCE4E482-0DF8-43AC-B574-8AAF74770D1C}.Debug|iPhone.ActiveCfg = Debug|Any CPU
		{FCE4E482-0DF8-43AC-B574-8AAF74770D1C}.Debug|iPhoneSimulator.ActiveCfg = Debug|Any CPU
		{FCE4E482-0DF8-43AC-B574-8AAF74770D1C}.Debug|Mixed Platforms.ActiveCfg = Debug|Any CPU
		{FCE4E482-0DF8-43AC-B574-8AAF74770D1C}.Debug|Mixed Platforms.Build.0 = Debug|Any CPU
		{FCE4E482-0DF8-43AC-B574-8AAF74770D1C}.Debug|x86.ActiveCfg = Debug|Any CPU
		{FCE4E482-0DF8-43AC-B574-8AAF74770D1C}.Release|Any CPU.ActiveCfg = Release|Any CPU
		{FCE4E482-0DF8-43AC-B574-8AAF74770D1C}.Release|Any CPU.Build.0 = Release|Any CPU
		{FCE4E482-0DF8-43AC-B574-8AAF74770D1C}.Release|ARM.ActiveCfg = Release|Any CPU
		{FCE4E482-0DF8-43AC-B574-8AAF74770D1C}.Release|iPhone.ActiveCfg = Release|Any CPU
		{FCE4E482-0DF8-43AC-B574-8AAF74770D1C}.Release|iPhoneSimulator.ActiveCfg = Release|Any CPU
		{FCE4E482-0DF8-43AC-B574-8AAF74770D1C}.Release|Mixed Platforms.ActiveCfg = Release|Any CPU
		{FCE4E482-0DF8-43AC-B574-8AAF74770D1C}.Release|Mixed Platforms.Build.0 = Release|Any CPU
		{FCE4E482-0DF8-43AC-B574-8AAF74770D1C}.Release|x86.ActiveCfg = Release|Any CPU
		{3BC0D126-89BF-4CC0-8395-8FBBA85B2A54}.Ad-Hoc|Any CPU.ActiveCfg = Release|Any CPU
		{3BC0D126-89BF-4CC0-8395-8FBBA85B2A54}.Ad-Hoc|Any CPU.Build.0 = Release|Any CPU
		{3BC0D126-89BF-4CC0-8395-8FBBA85B2A54}.Ad-Hoc|ARM.ActiveCfg = Release|Any CPU
		{3BC0D126-89BF-4CC0-8395-8FBBA85B2A54}.Ad-Hoc|iPhone.ActiveCfg = Release|Any CPU
		{3BC0D126-89BF-4CC0-8395-8FBBA85B2A54}.Ad-Hoc|iPhoneSimulator.ActiveCfg = Release|Any CPU
		{3BC0D126-89BF-4CC0-8395-8FBBA85B2A54}.Ad-Hoc|Mixed Platforms.ActiveCfg = Release|Any CPU
		{3BC0D126-89BF-4CC0-8395-8FBBA85B2A54}.Ad-Hoc|Mixed Platforms.Build.0 = Release|Any CPU
		{3BC0D126-89BF-4CC0-8395-8FBBA85B2A54}.Ad-Hoc|x86.ActiveCfg = Release|Any CPU
		{3BC0D126-89BF-4CC0-8395-8FBBA85B2A54}.AppStore|Any CPU.ActiveCfg = Release|Any CPU
		{3BC0D126-89BF-4CC0-8395-8FBBA85B2A54}.AppStore|Any CPU.Build.0 = Release|Any CPU
		{3BC0D126-89BF-4CC0-8395-8FBBA85B2A54}.AppStore|ARM.ActiveCfg = Release|Any CPU
		{3BC0D126-89BF-4CC0-8395-8FBBA85B2A54}.AppStore|iPhone.ActiveCfg = Release|Any CPU
		{3BC0D126-89BF-4CC0-8395-8FBBA85B2A54}.AppStore|iPhoneSimulator.ActiveCfg = Release|Any CPU
		{3BC0D126-89BF-4CC0-8395-8FBBA85B2A54}.AppStore|Mixed Platforms.ActiveCfg = Release|Any CPU
		{3BC0D126-89BF-4CC0-8395-8FBBA85B2A54}.AppStore|Mixed Platforms.Build.0 = Release|Any CPU
		{3BC0D126-89BF-4CC0-8395-8FBBA85B2A54}.AppStore|x86.ActiveCfg = Release|Any CPU
		{3BC0D126-89BF-4CC0-8395-8FBBA85B2A54}.Debug|Any CPU.ActiveCfg = Debug|Any CPU
		{3BC0D126-89BF-4CC0-8395-8FBBA85B2A54}.Debug|Any CPU.Build.0 = Debug|Any CPU
		{3BC0D126-89BF-4CC0-8395-8FBBA85B2A54}.Debug|ARM.ActiveCfg = Debug|Any CPU
		{3BC0D126-89BF-4CC0-8395-8FBBA85B2A54}.Debug|iPhone.ActiveCfg = Debug|Any CPU
		{3BC0D126-89BF-4CC0-8395-8FBBA85B2A54}.Debug|iPhoneSimulator.ActiveCfg = Debug|Any CPU
		{3BC0D126-89BF-4CC0-8395-8FBBA85B2A54}.Debug|Mixed Platforms.ActiveCfg = Debug|Any CPU
		{3BC0D126-89BF-4CC0-8395-8FBBA85B2A54}.Debug|Mixed Platforms.Build.0 = Debug|Any CPU
		{3BC0D126-89BF-4CC0-8395-8FBBA85B2A54}.Debug|x86.ActiveCfg = Debug|Any CPU
		{3BC0D126-89BF-4CC0-8395-8FBBA85B2A54}.Release|Any CPU.ActiveCfg = Release|Any CPU
		{3BC0D126-89BF-4CC0-8395-8FBBA85B2A54}.Release|Any CPU.Build.0 = Release|Any CPU
		{3BC0D126-89BF-4CC0-8395-8FBBA85B2A54}.Release|ARM.ActiveCfg = Release|Any CPU
		{3BC0D126-89BF-4CC0-8395-8FBBA85B2A54}.Release|iPhone.ActiveCfg = Release|Any CPU
		{3BC0D126-89BF-4CC0-8395-8FBBA85B2A54}.Release|iPhoneSimulator.ActiveCfg = Release|Any CPU
		{3BC0D126-89BF-4CC0-8395-8FBBA85B2A54}.Release|Mixed Platforms.ActiveCfg = Release|Any CPU
		{3BC0D126-89BF-4CC0-8395-8FBBA85B2A54}.Release|Mixed Platforms.Build.0 = Release|Any CPU
		{3BC0D126-89BF-4CC0-8395-8FBBA85B2A54}.Release|x86.ActiveCfg = Release|Any CPU
		{BBCA9F84-607A-4FF0-929F-0BB8B7C62AD4}.Ad-Hoc|Any CPU.ActiveCfg = Release|Any CPU
		{BBCA9F84-607A-4FF0-929F-0BB8B7C62AD4}.Ad-Hoc|Any CPU.Build.0 = Release|Any CPU
		{BBCA9F84-607A-4FF0-929F-0BB8B7C62AD4}.Ad-Hoc|ARM.ActiveCfg = Release|Any CPU
		{BBCA9F84-607A-4FF0-929F-0BB8B7C62AD4}.Ad-Hoc|iPhone.ActiveCfg = Release|Any CPU
		{BBCA9F84-607A-4FF0-929F-0BB8B7C62AD4}.Ad-Hoc|iPhoneSimulator.ActiveCfg = Release|Any CPU
		{BBCA9F84-607A-4FF0-929F-0BB8B7C62AD4}.Ad-Hoc|Mixed Platforms.ActiveCfg = Release|Any CPU
		{BBCA9F84-607A-4FF0-929F-0BB8B7C62AD4}.Ad-Hoc|Mixed Platforms.Build.0 = Release|Any CPU
		{BBCA9F84-607A-4FF0-929F-0BB8B7C62AD4}.Ad-Hoc|x86.ActiveCfg = Release|Any CPU
		{BBCA9F84-607A-4FF0-929F-0BB8B7C62AD4}.AppStore|Any CPU.ActiveCfg = Release|Any CPU
		{BBCA9F84-607A-4FF0-929F-0BB8B7C62AD4}.AppStore|Any CPU.Build.0 = Release|Any CPU
		{BBCA9F84-607A-4FF0-929F-0BB8B7C62AD4}.AppStore|ARM.ActiveCfg = Release|Any CPU
		{BBCA9F84-607A-4FF0-929F-0BB8B7C62AD4}.AppStore|iPhone.ActiveCfg = Release|Any CPU
		{BBCA9F84-607A-4FF0-929F-0BB8B7C62AD4}.AppStore|iPhoneSimulator.ActiveCfg = Release|Any CPU
		{BBCA9F84-607A-4FF0-929F-0BB8B7C62AD4}.AppStore|Mixed Platforms.ActiveCfg = Release|Any CPU
		{BBCA9F84-607A-4FF0-929F-0BB8B7C62AD4}.AppStore|Mixed Platforms.Build.0 = Release|Any CPU
		{BBCA9F84-607A-4FF0-929F-0BB8B7C62AD4}.AppStore|x86.ActiveCfg = Release|Any CPU
		{BBCA9F84-607A-4FF0-929F-0BB8B7C62AD4}.Debug|Any CPU.ActiveCfg = Debug|Any CPU
		{BBCA9F84-607A-4FF0-929F-0BB8B7C62AD4}.Debug|Any CPU.Build.0 = Debug|Any CPU
		{BBCA9F84-607A-4FF0-929F-0BB8B7C62AD4}.Debug|ARM.ActiveCfg = Debug|Any CPU
		{BBCA9F84-607A-4FF0-929F-0BB8B7C62AD4}.Debug|iPhone.ActiveCfg = Debug|Any CPU
		{BBCA9F84-607A-4FF0-929F-0BB8B7C62AD4}.Debug|iPhoneSimulator.ActiveCfg = Debug|Any CPU
		{BBCA9F84-607A-4FF0-929F-0BB8B7C62AD4}.Debug|Mixed Platforms.ActiveCfg = Debug|Any CPU
		{BBCA9F84-607A-4FF0-929F-0BB8B7C62AD4}.Debug|Mixed Platforms.Build.0 = Debug|Any CPU
		{BBCA9F84-607A-4FF0-929F-0BB8B7C62AD4}.Debug|x86.ActiveCfg = Debug|Any CPU
		{BBCA9F84-607A-4FF0-929F-0BB8B7C62AD4}.Release|Any CPU.ActiveCfg = Release|Any CPU
		{BBCA9F84-607A-4FF0-929F-0BB8B7C62AD4}.Release|Any CPU.Build.0 = Release|Any CPU
		{BBCA9F84-607A-4FF0-929F-0BB8B7C62AD4}.Release|ARM.ActiveCfg = Release|Any CPU
		{BBCA9F84-607A-4FF0-929F-0BB8B7C62AD4}.Release|iPhone.ActiveCfg = Release|Any CPU
		{BBCA9F84-607A-4FF0-929F-0BB8B7C62AD4}.Release|iPhoneSimulator.ActiveCfg = Release|Any CPU
		{BBCA9F84-607A-4FF0-929F-0BB8B7C62AD4}.Release|Mixed Platforms.ActiveCfg = Release|Any CPU
		{BBCA9F84-607A-4FF0-929F-0BB8B7C62AD4}.Release|Mixed Platforms.Build.0 = Release|Any CPU
		{BBCA9F84-607A-4FF0-929F-0BB8B7C62AD4}.Release|x86.ActiveCfg = Release|Any CPU
		{1F13E224-725F-41C4-9D3F-AD9850A90912}.Ad-Hoc|Any CPU.ActiveCfg = Release|Any CPU
		{1F13E224-725F-41C4-9D3F-AD9850A90912}.Ad-Hoc|Any CPU.Build.0 = Release|Any CPU
		{1F13E224-725F-41C4-9D3F-AD9850A90912}.Ad-Hoc|ARM.ActiveCfg = Release|Any CPU
		{1F13E224-725F-41C4-9D3F-AD9850A90912}.Ad-Hoc|iPhone.ActiveCfg = Release|Any CPU
		{1F13E224-725F-41C4-9D3F-AD9850A90912}.Ad-Hoc|iPhoneSimulator.ActiveCfg = Release|Any CPU
		{1F13E224-725F-41C4-9D3F-AD9850A90912}.Ad-Hoc|Mixed Platforms.ActiveCfg = Release|Any CPU
		{1F13E224-725F-41C4-9D3F-AD9850A90912}.Ad-Hoc|Mixed Platforms.Build.0 = Release|Any CPU
		{1F13E224-725F-41C4-9D3F-AD9850A90912}.Ad-Hoc|x86.ActiveCfg = Release|Any CPU
		{1F13E224-725F-41C4-9D3F-AD9850A90912}.AppStore|Any CPU.ActiveCfg = Release|Any CPU
		{1F13E224-725F-41C4-9D3F-AD9850A90912}.AppStore|Any CPU.Build.0 = Release|Any CPU
		{1F13E224-725F-41C4-9D3F-AD9850A90912}.AppStore|ARM.ActiveCfg = Release|Any CPU
		{1F13E224-725F-41C4-9D3F-AD9850A90912}.AppStore|iPhone.ActiveCfg = Release|Any CPU
		{1F13E224-725F-41C4-9D3F-AD9850A90912}.AppStore|iPhoneSimulator.ActiveCfg = Release|Any CPU
		{1F13E224-725F-41C4-9D3F-AD9850A90912}.AppStore|Mixed Platforms.ActiveCfg = Release|Any CPU
		{1F13E224-725F-41C4-9D3F-AD9850A90912}.AppStore|Mixed Platforms.Build.0 = Release|Any CPU
		{1F13E224-725F-41C4-9D3F-AD9850A90912}.AppStore|x86.ActiveCfg = Release|Any CPU
		{1F13E224-725F-41C4-9D3F-AD9850A90912}.Debug|Any CPU.ActiveCfg = Debug|Any CPU
		{1F13E224-725F-41C4-9D3F-AD9850A90912}.Debug|Any CPU.Build.0 = Debug|Any CPU
		{1F13E224-725F-41C4-9D3F-AD9850A90912}.Debug|ARM.ActiveCfg = Debug|Any CPU
		{1F13E224-725F-41C4-9D3F-AD9850A90912}.Debug|iPhone.ActiveCfg = Debug|Any CPU
		{1F13E224-725F-41C4-9D3F-AD9850A90912}.Debug|iPhoneSimulator.ActiveCfg = Debug|Any CPU
		{1F13E224-725F-41C4-9D3F-AD9850A90912}.Debug|Mixed Platforms.ActiveCfg = Debug|Any CPU
		{1F13E224-725F-41C4-9D3F-AD9850A90912}.Debug|Mixed Platforms.Build.0 = Debug|Any CPU
		{1F13E224-725F-41C4-9D3F-AD9850A90912}.Debug|x86.ActiveCfg = Debug|Any CPU
		{1F13E224-725F-41C4-9D3F-AD9850A90912}.Release|Any CPU.ActiveCfg = Release|Any CPU
		{1F13E224-725F-41C4-9D3F-AD9850A90912}.Release|Any CPU.Build.0 = Release|Any CPU
		{1F13E224-725F-41C4-9D3F-AD9850A90912}.Release|ARM.ActiveCfg = Release|Any CPU
		{1F13E224-725F-41C4-9D3F-AD9850A90912}.Release|iPhone.ActiveCfg = Release|Any CPU
		{1F13E224-725F-41C4-9D3F-AD9850A90912}.Release|iPhoneSimulator.ActiveCfg = Release|Any CPU
		{1F13E224-725F-41C4-9D3F-AD9850A90912}.Release|Mixed Platforms.ActiveCfg = Release|Any CPU
		{1F13E224-725F-41C4-9D3F-AD9850A90912}.Release|Mixed Platforms.Build.0 = Release|Any CPU
		{1F13E224-725F-41C4-9D3F-AD9850A90912}.Release|x86.ActiveCfg = Release|Any CPU
		{17C6FF22-9420-42CF-B85B-2BC2737FDC13}.Ad-Hoc|Any CPU.ActiveCfg = Release|Any CPU
		{17C6FF22-9420-42CF-B85B-2BC2737FDC13}.Ad-Hoc|Any CPU.Build.0 = Release|Any CPU
		{17C6FF22-9420-42CF-B85B-2BC2737FDC13}.Ad-Hoc|ARM.ActiveCfg = Release|ARM
		{17C6FF22-9420-42CF-B85B-2BC2737FDC13}.Ad-Hoc|ARM.Build.0 = Release|ARM
		{17C6FF22-9420-42CF-B85B-2BC2737FDC13}.Ad-Hoc|iPhone.ActiveCfg = Release|Any CPU
		{17C6FF22-9420-42CF-B85B-2BC2737FDC13}.Ad-Hoc|iPhoneSimulator.ActiveCfg = Release|Any CPU
		{17C6FF22-9420-42CF-B85B-2BC2737FDC13}.Ad-Hoc|Mixed Platforms.ActiveCfg = Release|x86
		{17C6FF22-9420-42CF-B85B-2BC2737FDC13}.Ad-Hoc|Mixed Platforms.Build.0 = Release|x86
		{17C6FF22-9420-42CF-B85B-2BC2737FDC13}.Ad-Hoc|x86.ActiveCfg = Release|x86
		{17C6FF22-9420-42CF-B85B-2BC2737FDC13}.Ad-Hoc|x86.Build.0 = Release|x86
		{17C6FF22-9420-42CF-B85B-2BC2737FDC13}.AppStore|Any CPU.ActiveCfg = Release|Any CPU
		{17C6FF22-9420-42CF-B85B-2BC2737FDC13}.AppStore|Any CPU.Build.0 = Release|Any CPU
		{17C6FF22-9420-42CF-B85B-2BC2737FDC13}.AppStore|ARM.ActiveCfg = Release|ARM
		{17C6FF22-9420-42CF-B85B-2BC2737FDC13}.AppStore|ARM.Build.0 = Release|ARM
		{17C6FF22-9420-42CF-B85B-2BC2737FDC13}.AppStore|iPhone.ActiveCfg = Release|Any CPU
		{17C6FF22-9420-42CF-B85B-2BC2737FDC13}.AppStore|iPhoneSimulator.ActiveCfg = Release|Any CPU
		{17C6FF22-9420-42CF-B85B-2BC2737FDC13}.AppStore|Mixed Platforms.ActiveCfg = Release|x86
		{17C6FF22-9420-42CF-B85B-2BC2737FDC13}.AppStore|Mixed Platforms.Build.0 = Release|x86
		{17C6FF22-9420-42CF-B85B-2BC2737FDC13}.AppStore|x86.ActiveCfg = Release|x86
		{17C6FF22-9420-42CF-B85B-2BC2737FDC13}.AppStore|x86.Build.0 = Release|x86
		{17C6FF22-9420-42CF-B85B-2BC2737FDC13}.Debug|Any CPU.ActiveCfg = Debug|Any CPU
		{17C6FF22-9420-42CF-B85B-2BC2737FDC13}.Debug|Any CPU.Build.0 = Debug|Any CPU
		{17C6FF22-9420-42CF-B85B-2BC2737FDC13}.Debug|ARM.ActiveCfg = Debug|ARM
		{17C6FF22-9420-42CF-B85B-2BC2737FDC13}.Debug|ARM.Build.0 = Debug|ARM
		{17C6FF22-9420-42CF-B85B-2BC2737FDC13}.Debug|iPhone.ActiveCfg = Debug|Any CPU
		{17C6FF22-9420-42CF-B85B-2BC2737FDC13}.Debug|iPhoneSimulator.ActiveCfg = Debug|Any CPU
		{17C6FF22-9420-42CF-B85B-2BC2737FDC13}.Debug|Mixed Platforms.ActiveCfg = Debug|x86
		{17C6FF22-9420-42CF-B85B-2BC2737FDC13}.Debug|Mixed Platforms.Build.0 = Debug|x86
		{17C6FF22-9420-42CF-B85B-2BC2737FDC13}.Debug|x86.ActiveCfg = Debug|x86
		{17C6FF22-9420-42CF-B85B-2BC2737FDC13}.Debug|x86.Build.0 = Debug|x86
		{17C6FF22-9420-42CF-B85B-2BC2737FDC13}.Release|Any CPU.ActiveCfg = Release|Any CPU
		{17C6FF22-9420-42CF-B85B-2BC2737FDC13}.Release|Any CPU.Build.0 = Release|Any CPU
		{17C6FF22-9420-42CF-B85B-2BC2737FDC13}.Release|ARM.ActiveCfg = Release|ARM
		{17C6FF22-9420-42CF-B85B-2BC2737FDC13}.Release|ARM.Build.0 = Release|ARM
		{17C6FF22-9420-42CF-B85B-2BC2737FDC13}.Release|iPhone.ActiveCfg = Release|Any CPU
		{17C6FF22-9420-42CF-B85B-2BC2737FDC13}.Release|iPhoneSimulator.ActiveCfg = Release|Any CPU
		{17C6FF22-9420-42CF-B85B-2BC2737FDC13}.Release|Mixed Platforms.ActiveCfg = Release|x86
		{17C6FF22-9420-42CF-B85B-2BC2737FDC13}.Release|Mixed Platforms.Build.0 = Release|x86
		{17C6FF22-9420-42CF-B85B-2BC2737FDC13}.Release|x86.ActiveCfg = Release|x86
		{17C6FF22-9420-42CF-B85B-2BC2737FDC13}.Release|x86.Build.0 = Release|x86
		{8E7F7522-F018-466A-AA8A-147EE9341BA0}.Ad-Hoc|Any CPU.ActiveCfg = Release|Any CPU
		{8E7F7522-F018-466A-AA8A-147EE9341BA0}.Ad-Hoc|Any CPU.Build.0 = Release|Any CPU
		{8E7F7522-F018-466A-AA8A-147EE9341BA0}.Ad-Hoc|ARM.ActiveCfg = Release|Any CPU
		{8E7F7522-F018-466A-AA8A-147EE9341BA0}.Ad-Hoc|iPhone.ActiveCfg = Release|Any CPU
		{8E7F7522-F018-466A-AA8A-147EE9341BA0}.Ad-Hoc|iPhoneSimulator.ActiveCfg = Release|Any CPU
		{8E7F7522-F018-466A-AA8A-147EE9341BA0}.Ad-Hoc|Mixed Platforms.ActiveCfg = Release|Any CPU
		{8E7F7522-F018-466A-AA8A-147EE9341BA0}.Ad-Hoc|Mixed Platforms.Build.0 = Release|Any CPU
		{8E7F7522-F018-466A-AA8A-147EE9341BA0}.Ad-Hoc|x86.ActiveCfg = Release|Any CPU
		{8E7F7522-F018-466A-AA8A-147EE9341BA0}.AppStore|Any CPU.ActiveCfg = Release|Any CPU
		{8E7F7522-F018-466A-AA8A-147EE9341BA0}.AppStore|Any CPU.Build.0 = Release|Any CPU
		{8E7F7522-F018-466A-AA8A-147EE9341BA0}.AppStore|ARM.ActiveCfg = Release|Any CPU
		{8E7F7522-F018-466A-AA8A-147EE9341BA0}.AppStore|iPhone.ActiveCfg = Release|Any CPU
		{8E7F7522-F018-466A-AA8A-147EE9341BA0}.AppStore|iPhoneSimulator.ActiveCfg = Release|Any CPU
		{8E7F7522-F018-466A-AA8A-147EE9341BA0}.AppStore|Mixed Platforms.ActiveCfg = Release|Any CPU
		{8E7F7522-F018-466A-AA8A-147EE9341BA0}.AppStore|Mixed Platforms.Build.0 = Release|Any CPU
		{8E7F7522-F018-466A-AA8A-147EE9341BA0}.AppStore|x86.ActiveCfg = Release|Any CPU
		{8E7F7522-F018-466A-AA8A-147EE9341BA0}.Debug|Any CPU.ActiveCfg = Debug|Any CPU
		{8E7F7522-F018-466A-AA8A-147EE9341BA0}.Debug|Any CPU.Build.0 = Debug|Any CPU
		{8E7F7522-F018-466A-AA8A-147EE9341BA0}.Debug|ARM.ActiveCfg = Debug|Any CPU
		{8E7F7522-F018-466A-AA8A-147EE9341BA0}.Debug|iPhone.ActiveCfg = Debug|Any CPU
		{8E7F7522-F018-466A-AA8A-147EE9341BA0}.Debug|iPhoneSimulator.ActiveCfg = Debug|Any CPU
		{8E7F7522-F018-466A-AA8A-147EE9341BA0}.Debug|Mixed Platforms.ActiveCfg = Debug|Any CPU
		{8E7F7522-F018-466A-AA8A-147EE9341BA0}.Debug|Mixed Platforms.Build.0 = Debug|Any CPU
		{8E7F7522-F018-466A-AA8A-147EE9341BA0}.Debug|x86.ActiveCfg = Debug|Any CPU
		{8E7F7522-F018-466A-AA8A-147EE9341BA0}.Release|Any CPU.ActiveCfg = Release|Any CPU
		{8E7F7522-F018-466A-AA8A-147EE9341BA0}.Release|Any CPU.Build.0 = Release|Any CPU
		{8E7F7522-F018-466A-AA8A-147EE9341BA0}.Release|ARM.ActiveCfg = Release|Any CPU
		{8E7F7522-F018-466A-AA8A-147EE9341BA0}.Release|iPhone.ActiveCfg = Release|Any CPU
		{8E7F7522-F018-466A-AA8A-147EE9341BA0}.Release|iPhoneSimulator.ActiveCfg = Release|Any CPU
		{8E7F7522-F018-466A-AA8A-147EE9341BA0}.Release|Mixed Platforms.ActiveCfg = Release|Any CPU
		{8E7F7522-F018-466A-AA8A-147EE9341BA0}.Release|Mixed Platforms.Build.0 = Release|Any CPU
		{8E7F7522-F018-466A-AA8A-147EE9341BA0}.Release|x86.ActiveCfg = Release|Any CPU
	EndGlobalSection
	GlobalSection(SolutionProperties) = preSolution
		HideSolutionNode = FALSE
	EndGlobalSection
	GlobalSection(NestedProjects) = preSolution
		{4D10DF5E-883D-468B-A854-4A53C7FE75AC} = {8B5A7492-E367-4849-90A1-10464207CE1B}
		{31ACBE7A-3A07-46A5-804D-0C70454B3DC9} = {8B5A7492-E367-4849-90A1-10464207CE1B}
		{67BB1B0A-8F35-4B87-907A-0BCA3103B38B} = {8B5A7492-E367-4849-90A1-10464207CE1B}
		{E38D2AA4-D265-4FF2-90EC-E02EB59F8A73} = {8B5A7492-E367-4849-90A1-10464207CE1B}
		{670192E2-DADB-4B3E-ACFC-99F2A6BC9F38} = {8B5A7492-E367-4849-90A1-10464207CE1B}
		{3915DB03-4FA0-4F42-B916-6CFB00E01944} = {670192E2-DADB-4B3E-ACFC-99F2A6BC9F38}
		{91CF5B30-75DA-42B8-9364-D04BD67C3D10} = {670192E2-DADB-4B3E-ACFC-99F2A6BC9F38}
		{EF5931DC-BFC8-4EC3-956E-433B7E9B9AE2} = {D5EAE686-19D4-4D40-8870-2634BD544958}
		{08C1D9E7-4892-476B-A000-88A35D3517E4} = {D5EAE686-19D4-4D40-8870-2634BD544958}
		{3400F11A-E58B-40F5-86A7-D20901B7495B} = {D5EAE686-19D4-4D40-8870-2634BD544958}
		{2E8BF4B8-5C6F-4BE0-BE67-73D131604D90} = {D5EAE686-19D4-4D40-8870-2634BD544958}
		{2E200799-1170-49BF-A4AA-2A9228F8A213} = {91CF5B30-75DA-42B8-9364-D04BD67C3D10}
		{F8C821A9-155E-48BC-8998-1ED9DE5CEF1A} = {91CF5B30-75DA-42B8-9364-D04BD67C3D10}
		{EC5686A6-9846-4B09-8288-CB7396331B54} = {91CF5B30-75DA-42B8-9364-D04BD67C3D10}
		{526F68E5-B35B-45FB-A54F-25793D2A1678} = {91CF5B30-75DA-42B8-9364-D04BD67C3D10}
		{9DA37747-6E12-40C8-8DE6-0775AF6421EC} = {91CF5B30-75DA-42B8-9364-D04BD67C3D10}
		{EB39302A-1E5A-424A-86C3-A418213BCD5A} = {91CF5B30-75DA-42B8-9364-D04BD67C3D10}
		{1C4A2234-76C8-45CA-8AE4-F7F8BF2DFCDC} = {91CF5B30-75DA-42B8-9364-D04BD67C3D10}
		{4D2D1468-BBB3-434A-84AC-B85EB7147A40} = {91CF5B30-75DA-42B8-9364-D04BD67C3D10}
		{FCE4E482-0DF8-43AC-B574-8AAF74770D1C} = {3915DB03-4FA0-4F42-B916-6CFB00E01944}
		{3BC0D126-89BF-4CC0-8395-8FBBA85B2A54} = {3915DB03-4FA0-4F42-B916-6CFB00E01944}
		{BBCA9F84-607A-4FF0-929F-0BB8B7C62AD4} = {3915DB03-4FA0-4F42-B916-6CFB00E01944}
		{1F13E224-725F-41C4-9D3F-AD9850A90912} = {3915DB03-4FA0-4F42-B916-6CFB00E01944}
		{17C6FF22-9420-42CF-B85B-2BC2737FDC13} = {3915DB03-4FA0-4F42-B916-6CFB00E01944}
		{8E7F7522-F018-466A-AA8A-147EE9341BA0} = {3915DB03-4FA0-4F42-B916-6CFB00E01944}
	EndGlobalSection
	GlobalSection(MonoDevelopProperties) = preSolution
		StartupItem = Labs.Tests.iOS\Labs.Tests.iOS.csproj
	EndGlobalSection
EndGlobal
